// !$*UTF8*$!
{
	archiveVersion = 1;
	classes = {
	};
	objectVersion = 46;
	objects = {

/* Begin PBXBuildFile section */
		4B13F2121CEDDE8A003473B1 /* background.jpg in Resources */ = {isa = PBXBuildFile; fileRef = 4B13F2111CEDDE8A003473B1 /* background.jpg */; };
		4B6D2CFF1CFF41E8006B687E /* YALSunnyRefreshControl.m in Sources */ = {isa = PBXBuildFile; fileRef = 4B6D2CFD1CFF41E8006B687E /* YALSunnyRefreshControl.m */; };
		4B6D2D001CFF41E8006B687E /* YALSunnyRefreshControl.xib in Resources */ = {isa = PBXBuildFile; fileRef = 4B6D2CFE1CFF41E8006B687E /* YALSunnyRefreshControl.xib */; };
		4B745E4C1CFB24D700A99202 /* WFSearchCity.m in Sources */ = {isa = PBXBuildFile; fileRef = 4B745E481CFB24D700A99202 /* WFSearchCity.m */; };
		4B745E4D1CFB24D700A99202 /* WFSearchViewController.m in Sources */ = {isa = PBXBuildFile; fileRef = 4B745E4A1CFB24D700A99202 /* WFSearchViewController.m */; };
		4B745E4E1CFB24D700A99202 /* WFSearchViewController.xib in Resources */ = {isa = PBXBuildFile; fileRef = 4B745E4B1CFB24D700A99202 /* WFSearchViewController.xib */; };
		4B745E5C1CFB250A00A99202 /* CityViewCell.m in Sources */ = {isa = PBXBuildFile; fileRef = 4B745E501CFB250A00A99202 /* CityViewCell.m */; };
		4B745E5D1CFB250A00A99202 /* CityViewCell.xib in Resources */ = {isa = PBXBuildFile; fileRef = 4B745E511CFB250A00A99202 /* CityViewCell.xib */; };
		4B745E5E1CFB250A00A99202 /* HeadView.m in Sources */ = {isa = PBXBuildFile; fileRef = 4B745E531CFB250A00A99202 /* HeadView.m */; };
		4B745E5F1CFB250A00A99202 /* HeadView.xib in Resources */ = {isa = PBXBuildFile; fileRef = 4B745E541CFB250A00A99202 /* HeadView.xib */; };
		4B745E601CFB250A00A99202 /* ItemViewCell.m in Sources */ = {isa = PBXBuildFile; fileRef = 4B745E561CFB250A00A99202 /* ItemViewCell.m */; };
		4B745E611CFB250A00A99202 /* ItemViewCell.xib in Resources */ = {isa = PBXBuildFile; fileRef = 4B745E571CFB250A00A99202 /* ItemViewCell.xib */; };
		4B745E621CFB250A00A99202 /* WFSearchCityViewController.m in Sources */ = {isa = PBXBuildFile; fileRef = 4B745E591CFB250A00A99202 /* WFSearchCityViewController.m */; };
		4B745E631CFB250A00A99202 /* ZWCollectionViewFlowLayout.m in Sources */ = {isa = PBXBuildFile; fileRef = 4B745E5B1CFB250A00A99202 /* ZWCollectionViewFlowLayout.m */; };
		4B745E6A1CFB256700A99202 /* NBSearchController.m in Sources */ = {isa = PBXBuildFile; fileRef = 4B745E651CFB256700A99202 /* NBSearchController.m */; };
		4B745E6B1CFB256700A99202 /* NBSearchResultController.m in Sources */ = {isa = PBXBuildFile; fileRef = 4B745E671CFB256700A99202 /* NBSearchResultController.m */; };
		4B745E6C1CFB256700A99202 /* SearchResult.m in Sources */ = {isa = PBXBuildFile; fileRef = 4B745E691CFB256700A99202 /* SearchResult.m */; };
		4B745E831CFB25A600A99202 /* NSMutableArray+FilterElement.m in Sources */ = {isa = PBXBuildFile; fileRef = 4B745E711CFB25A600A99202 /* NSMutableArray+FilterElement.m */; };
		4B745E841CFB25A600A99202 /* ChineseInclude.m in Sources */ = {isa = PBXBuildFile; fileRef = 4B745E741CFB25A600A99202 /* ChineseInclude.m */; };
		4B745E851CFB25A600A99202 /* ChineseToPinyinResource.m in Sources */ = {isa = PBXBuildFile; fileRef = 4B745E761CFB25A600A99202 /* ChineseToPinyinResource.m */; };
		4B745E861CFB25A600A99202 /* HanyuPinyinOutputFormat.m in Sources */ = {isa = PBXBuildFile; fileRef = 4B745E781CFB25A600A99202 /* HanyuPinyinOutputFormat.m */; };
		4B745E871CFB25A600A99202 /* NSString+PinYin4Cocoa.m in Sources */ = {isa = PBXBuildFile; fileRef = 4B745E7A1CFB25A600A99202 /* NSString+PinYin4Cocoa.m */; };
		4B745E881CFB25A600A99202 /* PinyinFormatter.m in Sources */ = {isa = PBXBuildFile; fileRef = 4B745E7D1CFB25A600A99202 /* PinyinFormatter.m */; };
		4B745E891CFB25A600A99202 /* PinYinForObjc.m in Sources */ = {isa = PBXBuildFile; fileRef = 4B745E7F1CFB25A600A99202 /* PinYinForObjc.m */; };
		4B745E8A1CFB25A600A99202 /* PinyinHelper.m in Sources */ = {isa = PBXBuildFile; fileRef = 4B745E811CFB25A600A99202 /* PinyinHelper.m */; };
		4B745E8B1CFB25A600A99202 /* unicode_to_hanyu_pinyin.txt in Resources */ = {isa = PBXBuildFile; fileRef = 4B745E821CFB25A600A99202 /* unicode_to_hanyu_pinyin.txt */; };
		4B745E8E1CFB25D500A99202 /* citydict.plist in Resources */ = {isa = PBXBuildFile; fileRef = 4B745E8C1CFB25D500A99202 /* citydict.plist */; };
		4B75752C1CF12C930060ECD8 /* NSDate+WFDateExtension.m in Sources */ = {isa = PBXBuildFile; fileRef = 4B75752B1CF12C930060ECD8 /* NSDate+WFDateExtension.m */; };
		4B7575301CF201000060ECD8 /* UIImage+RTTint.m in Sources */ = {isa = PBXBuildFile; fileRef = 4B75752F1CF201000060ECD8 /* UIImage+RTTint.m */; };
		4B786BD31CFFF40C003216DB /* LoadingCell.xib in Resources */ = {isa = PBXBuildFile; fileRef = 4B786BD21CFFF40C003216DB /* LoadingCell.xib */; };
		4B786BD51CFFF586003216DB /* NothingFoundCell.xib in Resources */ = {isa = PBXBuildFile; fileRef = 4B786BD41CFFF586003216DB /* NothingFoundCell.xib */; };
		4B8DDB3A1CF2CAEE00913026 /* NFCityWeatherModel.m in Sources */ = {isa = PBXBuildFile; fileRef = 4B8DDB391CF2CAEE00913026 /* NFCityWeatherModel.m */; };
		4B8DDB3E1CF468E100913026 /* NFWeatherService.m in Sources */ = {isa = PBXBuildFile; fileRef = 4B8DDB3D1CF468E100913026 /* NFWeatherService.m */; };
		4B8DDB411CF46A9900913026 /* NFCity.m in Sources */ = {isa = PBXBuildFile; fileRef = 4B8DDB401CF46A9900913026 /* NFCity.m */; };
		4B8DDB441CF49BBE00913026 /* WFMianNavigationController.m in Sources */ = {isa = PBXBuildFile; fileRef = 4B8DDB431CF49BBE00913026 /* WFMianNavigationController.m */; };
		4BA14EA41CF566080081617C /* MJRefreshAutoFooter.m in Sources */ = {isa = PBXBuildFile; fileRef = 4BA14E7A1CF566080081617C /* MJRefreshAutoFooter.m */; };
		4BA14EA51CF566080081617C /* MJRefreshBackFooter.m in Sources */ = {isa = PBXBuildFile; fileRef = 4BA14E7C1CF566080081617C /* MJRefreshBackFooter.m */; };
		4BA14EA61CF566080081617C /* MJRefreshComponent.m in Sources */ = {isa = PBXBuildFile; fileRef = 4BA14E7E1CF566080081617C /* MJRefreshComponent.m */; };
		4BA14EA71CF566080081617C /* MJRefreshFooter.m in Sources */ = {isa = PBXBuildFile; fileRef = 4BA14E801CF566080081617C /* MJRefreshFooter.m */; };
		4BA14EA81CF566080081617C /* MJRefreshHeader.m in Sources */ = {isa = PBXBuildFile; fileRef = 4BA14E821CF566080081617C /* MJRefreshHeader.m */; };
		4BA14EA91CF566080081617C /* MJRefreshAutoGifFooter.m in Sources */ = {isa = PBXBuildFile; fileRef = 4BA14E871CF566080081617C /* MJRefreshAutoGifFooter.m */; };
		4BA14EAA1CF566080081617C /* MJRefreshAutoNormalFooter.m in Sources */ = {isa = PBXBuildFile; fileRef = 4BA14E891CF566080081617C /* MJRefreshAutoNormalFooter.m */; };
		4BA14EAB1CF566080081617C /* MJRefreshAutoStateFooter.m in Sources */ = {isa = PBXBuildFile; fileRef = 4BA14E8B1CF566080081617C /* MJRefreshAutoStateFooter.m */; };
		4BA14EAC1CF566080081617C /* MJRefreshBackGifFooter.m in Sources */ = {isa = PBXBuildFile; fileRef = 4BA14E8E1CF566080081617C /* MJRefreshBackGifFooter.m */; };
		4BA14EAD1CF566080081617C /* MJRefreshBackNormalFooter.m in Sources */ = {isa = PBXBuildFile; fileRef = 4BA14E901CF566080081617C /* MJRefreshBackNormalFooter.m */; };
		4BA14EAE1CF566080081617C /* MJRefreshBackStateFooter.m in Sources */ = {isa = PBXBuildFile; fileRef = 4BA14E921CF566080081617C /* MJRefreshBackStateFooter.m */; };
		4BA14EAF1CF566080081617C /* MJRefreshGifHeader.m in Sources */ = {isa = PBXBuildFile; fileRef = 4BA14E951CF566080081617C /* MJRefreshGifHeader.m */; };
		4BA14EB01CF566080081617C /* MJRefreshNormalHeader.m in Sources */ = {isa = PBXBuildFile; fileRef = 4BA14E971CF566080081617C /* MJRefreshNormalHeader.m */; };
		4BA14EB11CF566080081617C /* MJRefreshStateHeader.m in Sources */ = {isa = PBXBuildFile; fileRef = 4BA14E991CF566080081617C /* MJRefreshStateHeader.m */; };
		4BA14EB21CF566080081617C /* MJRefresh.bundle in Resources */ = {isa = PBXBuildFile; fileRef = 4BA14E9A1CF566080081617C /* MJRefresh.bundle */; };
		4BA14EB31CF566080081617C /* MJRefreshConst.m in Sources */ = {isa = PBXBuildFile; fileRef = 4BA14E9D1CF566080081617C /* MJRefreshConst.m */; };
		4BA14EB41CF566080081617C /* UIScrollView+MJExtension.m in Sources */ = {isa = PBXBuildFile; fileRef = 4BA14E9F1CF566080081617C /* UIScrollView+MJExtension.m */; };
		4BA14EB51CF566080081617C /* UIScrollView+MJRefresh.m in Sources */ = {isa = PBXBuildFile; fileRef = 4BA14EA11CF566080081617C /* UIScrollView+MJRefresh.m */; };
		4BA14EB61CF566080081617C /* UIView+MJExtension.m in Sources */ = {isa = PBXBuildFile; fileRef = 4BA14EA31CF566080081617C /* UIView+MJExtension.m */; };
		4BA14EB81CF56E2F0081617C /* Setting.png in Resources */ = {isa = PBXBuildFile; fileRef = 4BA14EB71CF56E2F0081617C /* Setting.png */; };
		4BA14EBB1CF5BB6C0081617C /* WFCityManageViewController.m in Sources */ = {isa = PBXBuildFile; fileRef = 4BA14EBA1CF5BB6C0081617C /* WFCityManageViewController.m */; };
		4BA14EBE1CF6037A0081617C /* WFSecondMainViewController.m in Sources */ = {isa = PBXBuildFile; fileRef = 4BA14EBD1CF6037A0081617C /* WFSecondMainViewController.m */; };
		4BA14EC21CF6B4ED0081617C /* WFScrollView.m in Sources */ = {isa = PBXBuildFile; fileRef = 4BA14EC11CF6B4ED0081617C /* WFScrollView.m */; };
		4BC6EB861CED2C8C00E74136 /* main.m in Sources */ = {isa = PBXBuildFile; fileRef = 4BC6EB851CED2C8C00E74136 /* main.m */; };
		4BC6EB891CED2C8C00E74136 /* AppDelegate.m in Sources */ = {isa = PBXBuildFile; fileRef = 4BC6EB881CED2C8C00E74136 /* AppDelegate.m */; };
		4BC6EB8F1CED2C8C00E74136 /* Main.storyboard in Resources */ = {isa = PBXBuildFile; fileRef = 4BC6EB8D1CED2C8C00E74136 /* Main.storyboard */; };
		4BC6EB911CED2C8D00E74136 /* Assets.xcassets in Resources */ = {isa = PBXBuildFile; fileRef = 4BC6EB901CED2C8D00E74136 /* Assets.xcassets */; };
		4BC6EB941CED2C8D00E74136 /* LaunchScreen.storyboard in Resources */ = {isa = PBXBuildFile; fileRef = 4BC6EB921CED2C8D00E74136 /* LaunchScreen.storyboard */; };
		4BC6EB9F1CED2C8D00E74136 /* weatherForecastTests.m in Sources */ = {isa = PBXBuildFile; fileRef = 4BC6EB9E1CED2C8D00E74136 /* weatherForecastTests.m */; };
		4BC6EBAA1CED2C8D00E74136 /* weatherForecastUITests.m in Sources */ = {isa = PBXBuildFile; fileRef = 4BC6EBA91CED2C8D00E74136 /* weatherForecastUITests.m */; };
		4BC6EBBA1CED2CB200E74136 /* WFMainViewController.m in Sources */ = {isa = PBXBuildFile; fileRef = 4BC6EBB91CED2CB200E74136 /* WFMainViewController.m */; };
		4BC6EBBD1CED2DB200E74136 /* NFWeatherModel.m in Sources */ = {isa = PBXBuildFile; fileRef = 4BC6EBBC1CED2DB200E74136 /* NFWeatherModel.m */; };
		4BC6EBC01CED790400E74136 /* WFDaysView.m in Sources */ = {isa = PBXBuildFile; fileRef = 4BC6EBBF1CED790400E74136 /* WFDaysView.m */; };
		4BC6EBD01CEDCD2A00E74136 /* moon.png in Resources */ = {isa = PBXBuildFile; fileRef = 4BC6EBC21CEDCD2A00E74136 /* moon.png */; };
		4BC6EBD11CEDCD2A00E74136 /* sun.png in Resources */ = {isa = PBXBuildFile; fileRef = 4BC6EBC31CEDCD2A00E74136 /* sun.png */; };
		4BC6EBD21CEDCD2A00E74136 /* 雾霾.png in Resources */ = {isa = PBXBuildFile; fileRef = 4BC6EBC41CEDCD2A00E74136 /* 雾霾.png */; };
		4BC6EBD31CEDCD2A00E74136 /* 刷新.png in Resources */ = {isa = PBXBuildFile; fileRef = 4BC6EBC51CEDCD2A00E74136 /* 刷新.png */; };
		4BC6EBD41CEDCD2A00E74136 /* 天气－小雨.png in Resources */ = {isa = PBXBuildFile; fileRef = 4BC6EBC61CEDCD2A00E74136 /* 天气－小雨.png */; };
		4BC6EBD51CEDCD2A00E74136 /* 天气－晴.png in Resources */ = {isa = PBXBuildFile; fileRef = 4BC6EBC71CEDCD2A00E74136 /* 天气－晴.png */; };
		4BC6EBD61CEDCD2A00E74136 /* 天气－未知.png in Resources */ = {isa = PBXBuildFile; fileRef = 4BC6EBC81CEDCD2A00E74136 /* 天气－未知.png */; };
		4BC6EBD71CEDCD2A00E74136 /* 天气－雷阵雨.png in Resources */ = {isa = PBXBuildFile; fileRef = 4BC6EBC91CEDCD2A00E74136 /* 天气－雷阵雨.png */; };
		4BC6EBD81CEDCD2A00E74136 /* 天气－雾.png in Resources */ = {isa = PBXBuildFile; fileRef = 4BC6EBCA1CEDCD2A00E74136 /* 天气－雾.png */; };
		4BC6EBD91CEDCD2A00E74136 /* 天气－霾.png in Resources */ = {isa = PBXBuildFile; fileRef = 4BC6EBCB1CEDCD2A00E74136 /* 天气－霾.png */; };
		4BC6EBDA1CEDCD2A00E74136 /* 天气－风.png in Resources */ = {isa = PBXBuildFile; fileRef = 4BC6EBCC1CEDCD2A00E74136 /* 天气－风.png */; };
		4BC6EBDB1CEDCD2A00E74136 /* 温度计.png in Resources */ = {isa = PBXBuildFile; fileRef = 4BC6EBCD1CEDCD2A00E74136 /* 温度计.png */; };
		4BC6EBDC1CEDCD2A00E74136 /* 湿度.png in Resources */ = {isa = PBXBuildFile; fileRef = 4BC6EBCE1CEDCD2A00E74136 /* 湿度.png */; };
		4BC6EBDD1CEDCD2A00E74136 /* 风.png in Resources */ = {isa = PBXBuildFile; fileRef = 4BC6EBCF1CEDCD2A00E74136 /* 风.png */; };
		4BC6EBDF1CEDCD6A00E74136 /* login_bg@3x.png in Resources */ = {isa = PBXBuildFile; fileRef = 4BC6EBDE1CEDCD6A00E74136 /* login_bg@3x.png */; };
		4FCAE6F4FE83E046DED8C1B5 /* libPods-weatherForecast.a in Frameworks */ = {isa = PBXBuildFile; fileRef = 595C42931ADA176C4B2E5AEF /* libPods-weatherForecast.a */; };
		7B50FD9626303FD6ACAF27FF /* libPods-weatherForecastUITests.a in Frameworks */ = {isa = PBXBuildFile; fileRef = 9FBC1827A06C9144001F1A26 /* libPods-weatherForecastUITests.a */; };
		AA49E176DBAB395A32556604 /* libPods-weatherForecastTests.a in Frameworks */ = {isa = PBXBuildFile; fileRef = F9C58909EECD88368C400760 /* libPods-weatherForecastTests.a */; };
/* End PBXBuildFile section */

/* Begin PBXContainerItemProxy section */
		4BC6EB9B1CED2C8D00E74136 /* PBXContainerItemProxy */ = {
			isa = PBXContainerItemProxy;
			containerPortal = 4BC6EB791CED2C8C00E74136 /* Project object */;
			proxyType = 1;
			remoteGlobalIDString = 4BC6EB801CED2C8C00E74136;
			remoteInfo = weatherForecast;
		};
		4BC6EBA61CED2C8D00E74136 /* PBXContainerItemProxy */ = {
			isa = PBXContainerItemProxy;
			containerPortal = 4BC6EB791CED2C8C00E74136 /* Project object */;
			proxyType = 1;
			remoteGlobalIDString = 4BC6EB801CED2C8C00E74136;
			remoteInfo = weatherForecast;
		};
/* End PBXContainerItemProxy section */

/* Begin PBXFileReference section */
		22609B92077B3B16E385C400 /* Pods-weatherForecastTests.debug.xcconfig */ = {isa = PBXFileReference; includeInIndex = 1; lastKnownFileType = text.xcconfig; name = "Pods-weatherForecastTests.debug.xcconfig"; path = "Pods/Target Support Files/Pods-weatherForecastTests/Pods-weatherForecastTests.debug.xcconfig"; sourceTree = "<group>"; };
		4B13F2111CEDDE8A003473B1 /* background.jpg */ = {isa = PBXFileReference; lastKnownFileType = image.jpeg; path = background.jpg; sourceTree = "<group>"; };
		4B6D2CFC1CFF41E8006B687E /* YALSunnyRefreshControl.h */ = {isa = PBXFileReference; fileEncoding = 4; lastKnownFileType = sourcecode.c.h; name = YALSunnyRefreshControl.h; path = YALSunnyRefreshControll/YALSunnyRefreshControl.h; sourceTree = "<group>"; };
		4B6D2CFD1CFF41E8006B687E /* YALSunnyRefreshControl.m */ = {isa = PBXFileReference; fileEncoding = 4; lastKnownFileType = sourcecode.c.objc; name = YALSunnyRefreshControl.m; path = YALSunnyRefreshControll/YALSunnyRefreshControl.m; sourceTree = "<group>"; };
		4B6D2CFE1CFF41E8006B687E /* YALSunnyRefreshControl.xib */ = {isa = PBXFileReference; fileEncoding = 4; lastKnownFileType = file.xib; name = YALSunnyRefreshControl.xib; path = YALSunnyRefreshControll/YALSunnyRefreshControl.xib; sourceTree = "<group>"; };
		4B745E471CFB24D700A99202 /* WFSearchCity.h */ = {isa = PBXFileReference; fileEncoding = 4; lastKnownFileType = sourcecode.c.h; path = WFSearchCity.h; sourceTree = "<group>"; };
		4B745E481CFB24D700A99202 /* WFSearchCity.m */ = {isa = PBXFileReference; fileEncoding = 4; lastKnownFileType = sourcecode.c.objc; path = WFSearchCity.m; sourceTree = "<group>"; };
		4B745E491CFB24D700A99202 /* WFSearchViewController.h */ = {isa = PBXFileReference; fileEncoding = 4; lastKnownFileType = sourcecode.c.h; path = WFSearchViewController.h; sourceTree = "<group>"; };
		4B745E4A1CFB24D700A99202 /* WFSearchViewController.m */ = {isa = PBXFileReference; fileEncoding = 4; lastKnownFileType = sourcecode.c.objc; path = WFSearchViewController.m; sourceTree = "<group>"; };
		4B745E4B1CFB24D700A99202 /* WFSearchViewController.xib */ = {isa = PBXFileReference; fileEncoding = 4; lastKnownFileType = file.xib; path = WFSearchViewController.xib; sourceTree = "<group>"; };
		4B745E4F1CFB250A00A99202 /* CityViewCell.h */ = {isa = PBXFileReference; fileEncoding = 4; lastKnownFileType = sourcecode.c.h; path = CityViewCell.h; sourceTree = "<group>"; };
		4B745E501CFB250A00A99202 /* CityViewCell.m */ = {isa = PBXFileReference; fileEncoding = 4; lastKnownFileType = sourcecode.c.objc; path = CityViewCell.m; sourceTree = "<group>"; };
		4B745E511CFB250A00A99202 /* CityViewCell.xib */ = {isa = PBXFileReference; fileEncoding = 4; lastKnownFileType = file.xib; path = CityViewCell.xib; sourceTree = "<group>"; };
		4B745E521CFB250A00A99202 /* HeadView.h */ = {isa = PBXFileReference; fileEncoding = 4; lastKnownFileType = sourcecode.c.h; path = HeadView.h; sourceTree = "<group>"; };
		4B745E531CFB250A00A99202 /* HeadView.m */ = {isa = PBXFileReference; fileEncoding = 4; lastKnownFileType = sourcecode.c.objc; path = HeadView.m; sourceTree = "<group>"; };
		4B745E541CFB250A00A99202 /* HeadView.xib */ = {isa = PBXFileReference; fileEncoding = 4; lastKnownFileType = file.xib; path = HeadView.xib; sourceTree = "<group>"; };
		4B745E551CFB250A00A99202 /* ItemViewCell.h */ = {isa = PBXFileReference; fileEncoding = 4; lastKnownFileType = sourcecode.c.h; path = ItemViewCell.h; sourceTree = "<group>"; };
		4B745E561CFB250A00A99202 /* ItemViewCell.m */ = {isa = PBXFileReference; fileEncoding = 4; lastKnownFileType = sourcecode.c.objc; path = ItemViewCell.m; sourceTree = "<group>"; };
		4B745E571CFB250A00A99202 /* ItemViewCell.xib */ = {isa = PBXFileReference; fileEncoding = 4; lastKnownFileType = file.xib; path = ItemViewCell.xib; sourceTree = "<group>"; };
		4B745E581CFB250A00A99202 /* WFSearchCityViewController.h */ = {isa = PBXFileReference; fileEncoding = 4; lastKnownFileType = sourcecode.c.h; path = WFSearchCityViewController.h; sourceTree = "<group>"; };
		4B745E591CFB250A00A99202 /* WFSearchCityViewController.m */ = {isa = PBXFileReference; fileEncoding = 4; lastKnownFileType = sourcecode.c.objc; path = WFSearchCityViewController.m; sourceTree = "<group>"; };
		4B745E5A1CFB250A00A99202 /* ZWCollectionViewFlowLayout.h */ = {isa = PBXFileReference; fileEncoding = 4; lastKnownFileType = sourcecode.c.h; path = ZWCollectionViewFlowLayout.h; sourceTree = "<group>"; };
		4B745E5B1CFB250A00A99202 /* ZWCollectionViewFlowLayout.m */ = {isa = PBXFileReference; fileEncoding = 4; lastKnownFileType = sourcecode.c.objc; path = ZWCollectionViewFlowLayout.m; sourceTree = "<group>"; };
		4B745E641CFB256700A99202 /* NBSearchController.h */ = {isa = PBXFileReference; fileEncoding = 4; lastKnownFileType = sourcecode.c.h; path = NBSearchController.h; sourceTree = "<group>"; };
		4B745E651CFB256700A99202 /* NBSearchController.m */ = {isa = PBXFileReference; fileEncoding = 4; lastKnownFileType = sourcecode.c.objc; path = NBSearchController.m; sourceTree = "<group>"; };
		4B745E661CFB256700A99202 /* NBSearchResultController.h */ = {isa = PBXFileReference; fileEncoding = 4; lastKnownFileType = sourcecode.c.h; path = NBSearchResultController.h; sourceTree = "<group>"; };
		4B745E671CFB256700A99202 /* NBSearchResultController.m */ = {isa = PBXFileReference; fileEncoding = 4; lastKnownFileType = sourcecode.c.objc; path = NBSearchResultController.m; sourceTree = "<group>"; };
		4B745E681CFB256700A99202 /* SearchResult.h */ = {isa = PBXFileReference; fileEncoding = 4; lastKnownFileType = sourcecode.c.h; path = SearchResult.h; sourceTree = "<group>"; };
		4B745E691CFB256700A99202 /* SearchResult.m */ = {isa = PBXFileReference; fileEncoding = 4; lastKnownFileType = sourcecode.c.objc; path = SearchResult.m; sourceTree = "<group>"; };
		4B745E701CFB25A600A99202 /* NSMutableArray+FilterElement.h */ = {isa = PBXFileReference; fileEncoding = 4; lastKnownFileType = sourcecode.c.h; path = "NSMutableArray+FilterElement.h"; sourceTree = "<group>"; };
		4B745E711CFB25A600A99202 /* NSMutableArray+FilterElement.m */ = {isa = PBXFileReference; fileEncoding = 4; lastKnownFileType = sourcecode.c.objc; path = "NSMutableArray+FilterElement.m"; sourceTree = "<group>"; };
		4B745E731CFB25A600A99202 /* ChineseInclude.h */ = {isa = PBXFileReference; fileEncoding = 4; lastKnownFileType = sourcecode.c.h; path = ChineseInclude.h; sourceTree = "<group>"; };
		4B745E741CFB25A600A99202 /* ChineseInclude.m */ = {isa = PBXFileReference; fileEncoding = 4; lastKnownFileType = sourcecode.c.objc; path = ChineseInclude.m; sourceTree = "<group>"; };
		4B745E751CFB25A600A99202 /* ChineseToPinyinResource.h */ = {isa = PBXFileReference; fileEncoding = 4; lastKnownFileType = sourcecode.c.h; path = ChineseToPinyinResource.h; sourceTree = "<group>"; };
		4B745E761CFB25A600A99202 /* ChineseToPinyinResource.m */ = {isa = PBXFileReference; fileEncoding = 4; lastKnownFileType = sourcecode.c.objc; path = ChineseToPinyinResource.m; sourceTree = "<group>"; };
		4B745E771CFB25A600A99202 /* HanyuPinyinOutputFormat.h */ = {isa = PBXFileReference; fileEncoding = 4; lastKnownFileType = sourcecode.c.h; path = HanyuPinyinOutputFormat.h; sourceTree = "<group>"; };
		4B745E781CFB25A600A99202 /* HanyuPinyinOutputFormat.m */ = {isa = PBXFileReference; fileEncoding = 4; lastKnownFileType = sourcecode.c.objc; path = HanyuPinyinOutputFormat.m; sourceTree = "<group>"; };
		4B745E791CFB25A600A99202 /* NSString+PinYin4Cocoa.h */ = {isa = PBXFileReference; fileEncoding = 4; lastKnownFileType = sourcecode.c.h; path = "NSString+PinYin4Cocoa.h"; sourceTree = "<group>"; };
		4B745E7A1CFB25A600A99202 /* NSString+PinYin4Cocoa.m */ = {isa = PBXFileReference; fileEncoding = 4; lastKnownFileType = sourcecode.c.objc; path = "NSString+PinYin4Cocoa.m"; sourceTree = "<group>"; };
		4B745E7B1CFB25A600A99202 /* PinYin4Objc.h */ = {isa = PBXFileReference; fileEncoding = 4; lastKnownFileType = sourcecode.c.h; path = PinYin4Objc.h; sourceTree = "<group>"; };
		4B745E7C1CFB25A600A99202 /* PinyinFormatter.h */ = {isa = PBXFileReference; fileEncoding = 4; lastKnownFileType = sourcecode.c.h; path = PinyinFormatter.h; sourceTree = "<group>"; };
		4B745E7D1CFB25A600A99202 /* PinyinFormatter.m */ = {isa = PBXFileReference; fileEncoding = 4; lastKnownFileType = sourcecode.c.objc; path = PinyinFormatter.m; sourceTree = "<group>"; };
		4B745E7E1CFB25A600A99202 /* PinYinForObjc.h */ = {isa = PBXFileReference; fileEncoding = 4; lastKnownFileType = sourcecode.c.h; path = PinYinForObjc.h; sourceTree = "<group>"; };
		4B745E7F1CFB25A600A99202 /* PinYinForObjc.m */ = {isa = PBXFileReference; fileEncoding = 4; lastKnownFileType = sourcecode.c.objc; path = PinYinForObjc.m; sourceTree = "<group>"; };
		4B745E801CFB25A600A99202 /* PinyinHelper.h */ = {isa = PBXFileReference; fileEncoding = 4; lastKnownFileType = sourcecode.c.h; path = PinyinHelper.h; sourceTree = "<group>"; };
		4B745E811CFB25A600A99202 /* PinyinHelper.m */ = {isa = PBXFileReference; fileEncoding = 4; lastKnownFileType = sourcecode.c.objc; path = PinyinHelper.m; sourceTree = "<group>"; };
		4B745E821CFB25A600A99202 /* unicode_to_hanyu_pinyin.txt */ = {isa = PBXFileReference; fileEncoding = 4; lastKnownFileType = text; path = unicode_to_hanyu_pinyin.txt; sourceTree = "<group>"; };
		4B745E8C1CFB25D500A99202 /* citydict.plist */ = {isa = PBXFileReference; fileEncoding = 4; lastKnownFileType = text.plist.xml; path = citydict.plist; sourceTree = "<group>"; };
		4B745E8D1CFB25D500A99202 /* Public.h */ = {isa = PBXFileReference; fileEncoding = 4; lastKnownFileType = sourcecode.c.h; path = Public.h; sourceTree = "<group>"; };
		4B75752A1CF12C930060ECD8 /* NSDate+WFDateExtension.h */ = {isa = PBXFileReference; fileEncoding = 4; lastKnownFileType = sourcecode.c.h; path = "NSDate+WFDateExtension.h"; sourceTree = "<group>"; };
		4B75752B1CF12C930060ECD8 /* NSDate+WFDateExtension.m */ = {isa = PBXFileReference; fileEncoding = 4; lastKnownFileType = sourcecode.c.objc; path = "NSDate+WFDateExtension.m"; sourceTree = "<group>"; };
		4B75752E1CF201000060ECD8 /* UIImage+RTTint.h */ = {isa = PBXFileReference; fileEncoding = 4; lastKnownFileType = sourcecode.c.h; path = "UIImage+RTTint.h"; sourceTree = "<group>"; };
		4B75752F1CF201000060ECD8 /* UIImage+RTTint.m */ = {isa = PBXFileReference; fileEncoding = 4; lastKnownFileType = sourcecode.c.objc; path = "UIImage+RTTint.m"; sourceTree = "<group>"; };
		4B786BD21CFFF40C003216DB /* LoadingCell.xib */ = {isa = PBXFileReference; fileEncoding = 4; lastKnownFileType = file.xib; path = LoadingCell.xib; sourceTree = "<group>"; };
		4B786BD41CFFF586003216DB /* NothingFoundCell.xib */ = {isa = PBXFileReference; fileEncoding = 4; lastKnownFileType = file.xib; path = NothingFoundCell.xib; sourceTree = "<group>"; };
		4B8DDB381CF2CAEE00913026 /* NFCityWeatherModel.h */ = {isa = PBXFileReference; fileEncoding = 4; lastKnownFileType = sourcecode.c.h; path = NFCityWeatherModel.h; sourceTree = "<group>"; };
		4B8DDB391CF2CAEE00913026 /* NFCityWeatherModel.m */ = {isa = PBXFileReference; fileEncoding = 4; lastKnownFileType = sourcecode.c.objc; path = NFCityWeatherModel.m; sourceTree = "<group>"; };
		4B8DDB3C1CF468E100913026 /* NFWeatherService.h */ = {isa = PBXFileReference; fileEncoding = 4; lastKnownFileType = sourcecode.c.h; path = NFWeatherService.h; sourceTree = "<group>"; };
		4B8DDB3D1CF468E100913026 /* NFWeatherService.m */ = {isa = PBXFileReference; fileEncoding = 4; lastKnownFileType = sourcecode.c.objc; path = NFWeatherService.m; sourceTree = "<group>"; };
		4B8DDB3F1CF46A9900913026 /* NFCity.h */ = {isa = PBXFileReference; fileEncoding = 4; lastKnownFileType = sourcecode.c.h; path = NFCity.h; sourceTree = "<group>"; };
		4B8DDB401CF46A9900913026 /* NFCity.m */ = {isa = PBXFileReference; fileEncoding = 4; lastKnownFileType = sourcecode.c.objc; path = NFCity.m; sourceTree = "<group>"; };
		4B8DDB421CF49BBE00913026 /* WFMianNavigationController.h */ = {isa = PBXFileReference; fileEncoding = 4; lastKnownFileType = sourcecode.c.h; path = WFMianNavigationController.h; sourceTree = "<group>"; };
		4B8DDB431CF49BBE00913026 /* WFMianNavigationController.m */ = {isa = PBXFileReference; fileEncoding = 4; lastKnownFileType = sourcecode.c.objc; path = WFMianNavigationController.m; sourceTree = "<group>"; };
		4BA14E791CF566080081617C /* MJRefreshAutoFooter.h */ = {isa = PBXFileReference; fileEncoding = 4; lastKnownFileType = sourcecode.c.h; path = MJRefreshAutoFooter.h; sourceTree = "<group>"; };
		4BA14E7A1CF566080081617C /* MJRefreshAutoFooter.m */ = {isa = PBXFileReference; fileEncoding = 4; lastKnownFileType = sourcecode.c.objc; path = MJRefreshAutoFooter.m; sourceTree = "<group>"; };
		4BA14E7B1CF566080081617C /* MJRefreshBackFooter.h */ = {isa = PBXFileReference; fileEncoding = 4; lastKnownFileType = sourcecode.c.h; path = MJRefreshBackFooter.h; sourceTree = "<group>"; };
		4BA14E7C1CF566080081617C /* MJRefreshBackFooter.m */ = {isa = PBXFileReference; fileEncoding = 4; lastKnownFileType = sourcecode.c.objc; path = MJRefreshBackFooter.m; sourceTree = "<group>"; };
		4BA14E7D1CF566080081617C /* MJRefreshComponent.h */ = {isa = PBXFileReference; fileEncoding = 4; lastKnownFileType = sourcecode.c.h; path = MJRefreshComponent.h; sourceTree = "<group>"; };
		4BA14E7E1CF566080081617C /* MJRefreshComponent.m */ = {isa = PBXFileReference; fileEncoding = 4; lastKnownFileType = sourcecode.c.objc; path = MJRefreshComponent.m; sourceTree = "<group>"; };
		4BA14E7F1CF566080081617C /* MJRefreshFooter.h */ = {isa = PBXFileReference; fileEncoding = 4; lastKnownFileType = sourcecode.c.h; path = MJRefreshFooter.h; sourceTree = "<group>"; };
		4BA14E801CF566080081617C /* MJRefreshFooter.m */ = {isa = PBXFileReference; fileEncoding = 4; lastKnownFileType = sourcecode.c.objc; path = MJRefreshFooter.m; sourceTree = "<group>"; };
		4BA14E811CF566080081617C /* MJRefreshHeader.h */ = {isa = PBXFileReference; fileEncoding = 4; lastKnownFileType = sourcecode.c.h; path = MJRefreshHeader.h; sourceTree = "<group>"; };
		4BA14E821CF566080081617C /* MJRefreshHeader.m */ = {isa = PBXFileReference; fileEncoding = 4; lastKnownFileType = sourcecode.c.objc; path = MJRefreshHeader.m; sourceTree = "<group>"; };
		4BA14E861CF566080081617C /* MJRefreshAutoGifFooter.h */ = {isa = PBXFileReference; fileEncoding = 4; lastKnownFileType = sourcecode.c.h; path = MJRefreshAutoGifFooter.h; sourceTree = "<group>"; };
		4BA14E871CF566080081617C /* MJRefreshAutoGifFooter.m */ = {isa = PBXFileReference; fileEncoding = 4; lastKnownFileType = sourcecode.c.objc; path = MJRefreshAutoGifFooter.m; sourceTree = "<group>"; };
		4BA14E881CF566080081617C /* MJRefreshAutoNormalFooter.h */ = {isa = PBXFileReference; fileEncoding = 4; lastKnownFileType = sourcecode.c.h; path = MJRefreshAutoNormalFooter.h; sourceTree = "<group>"; };
		4BA14E891CF566080081617C /* MJRefreshAutoNormalFooter.m */ = {isa = PBXFileReference; fileEncoding = 4; lastKnownFileType = sourcecode.c.objc; path = MJRefreshAutoNormalFooter.m; sourceTree = "<group>"; };
		4BA14E8A1CF566080081617C /* MJRefreshAutoStateFooter.h */ = {isa = PBXFileReference; fileEncoding = 4; lastKnownFileType = sourcecode.c.h; path = MJRefreshAutoStateFooter.h; sourceTree = "<group>"; };
		4BA14E8B1CF566080081617C /* MJRefreshAutoStateFooter.m */ = {isa = PBXFileReference; fileEncoding = 4; lastKnownFileType = sourcecode.c.objc; path = MJRefreshAutoStateFooter.m; sourceTree = "<group>"; };
		4BA14E8D1CF566080081617C /* MJRefreshBackGifFooter.h */ = {isa = PBXFileReference; fileEncoding = 4; lastKnownFileType = sourcecode.c.h; path = MJRefreshBackGifFooter.h; sourceTree = "<group>"; };
		4BA14E8E1CF566080081617C /* MJRefreshBackGifFooter.m */ = {isa = PBXFileReference; fileEncoding = 4; lastKnownFileType = sourcecode.c.objc; path = MJRefreshBackGifFooter.m; sourceTree = "<group>"; };
		4BA14E8F1CF566080081617C /* MJRefreshBackNormalFooter.h */ = {isa = PBXFileReference; fileEncoding = 4; lastKnownFileType = sourcecode.c.h; path = MJRefreshBackNormalFooter.h; sourceTree = "<group>"; };
		4BA14E901CF566080081617C /* MJRefreshBackNormalFooter.m */ = {isa = PBXFileReference; fileEncoding = 4; lastKnownFileType = sourcecode.c.objc; path = MJRefreshBackNormalFooter.m; sourceTree = "<group>"; };
		4BA14E911CF566080081617C /* MJRefreshBackStateFooter.h */ = {isa = PBXFileReference; fileEncoding = 4; lastKnownFileType = sourcecode.c.h; path = MJRefreshBackStateFooter.h; sourceTree = "<group>"; };
		4BA14E921CF566080081617C /* MJRefreshBackStateFooter.m */ = {isa = PBXFileReference; fileEncoding = 4; lastKnownFileType = sourcecode.c.objc; path = MJRefreshBackStateFooter.m; sourceTree = "<group>"; };
		4BA14E941CF566080081617C /* MJRefreshGifHeader.h */ = {isa = PBXFileReference; fileEncoding = 4; lastKnownFileType = sourcecode.c.h; path = MJRefreshGifHeader.h; sourceTree = "<group>"; };
		4BA14E951CF566080081617C /* MJRefreshGifHeader.m */ = {isa = PBXFileReference; fileEncoding = 4; lastKnownFileType = sourcecode.c.objc; path = MJRefreshGifHeader.m; sourceTree = "<group>"; };
		4BA14E961CF566080081617C /* MJRefreshNormalHeader.h */ = {isa = PBXFileReference; fileEncoding = 4; lastKnownFileType = sourcecode.c.h; path = MJRefreshNormalHeader.h; sourceTree = "<group>"; };
		4BA14E971CF566080081617C /* MJRefreshNormalHeader.m */ = {isa = PBXFileReference; fileEncoding = 4; lastKnownFileType = sourcecode.c.objc; path = MJRefreshNormalHeader.m; sourceTree = "<group>"; };
		4BA14E981CF566080081617C /* MJRefreshStateHeader.h */ = {isa = PBXFileReference; fileEncoding = 4; lastKnownFileType = sourcecode.c.h; path = MJRefreshStateHeader.h; sourceTree = "<group>"; };
		4BA14E991CF566080081617C /* MJRefreshStateHeader.m */ = {isa = PBXFileReference; fileEncoding = 4; lastKnownFileType = sourcecode.c.objc; path = MJRefreshStateHeader.m; sourceTree = "<group>"; };
		4BA14E9A1CF566080081617C /* MJRefresh.bundle */ = {isa = PBXFileReference; lastKnownFileType = "wrapper.plug-in"; path = MJRefresh.bundle; sourceTree = "<group>"; };
		4BA14E9B1CF566080081617C /* MJRefresh.h */ = {isa = PBXFileReference; fileEncoding = 4; lastKnownFileType = sourcecode.c.h; path = MJRefresh.h; sourceTree = "<group>"; };
		4BA14E9C1CF566080081617C /* MJRefreshConst.h */ = {isa = PBXFileReference; fileEncoding = 4; lastKnownFileType = sourcecode.c.h; path = MJRefreshConst.h; sourceTree = "<group>"; };
		4BA14E9D1CF566080081617C /* MJRefreshConst.m */ = {isa = PBXFileReference; fileEncoding = 4; lastKnownFileType = sourcecode.c.objc; path = MJRefreshConst.m; sourceTree = "<group>"; };
		4BA14E9E1CF566080081617C /* UIScrollView+MJExtension.h */ = {isa = PBXFileReference; fileEncoding = 4; lastKnownFileType = sourcecode.c.h; path = "UIScrollView+MJExtension.h"; sourceTree = "<group>"; };
		4BA14E9F1CF566080081617C /* UIScrollView+MJExtension.m */ = {isa = PBXFileReference; fileEncoding = 4; lastKnownFileType = sourcecode.c.objc; path = "UIScrollView+MJExtension.m"; sourceTree = "<group>"; };
		4BA14EA01CF566080081617C /* UIScrollView+MJRefresh.h */ = {isa = PBXFileReference; fileEncoding = 4; lastKnownFileType = sourcecode.c.h; path = "UIScrollView+MJRefresh.h"; sourceTree = "<group>"; };
		4BA14EA11CF566080081617C /* UIScrollView+MJRefresh.m */ = {isa = PBXFileReference; fileEncoding = 4; lastKnownFileType = sourcecode.c.objc; path = "UIScrollView+MJRefresh.m"; sourceTree = "<group>"; };
		4BA14EA21CF566080081617C /* UIView+MJExtension.h */ = {isa = PBXFileReference; fileEncoding = 4; lastKnownFileType = sourcecode.c.h; path = "UIView+MJExtension.h"; sourceTree = "<group>"; };
		4BA14EA31CF566080081617C /* UIView+MJExtension.m */ = {isa = PBXFileReference; fileEncoding = 4; lastKnownFileType = sourcecode.c.objc; path = "UIView+MJExtension.m"; sourceTree = "<group>"; };
		4BA14EB71CF56E2F0081617C /* Setting.png */ = {isa = PBXFileReference; lastKnownFileType = image.png; path = Setting.png; sourceTree = "<group>"; };
		4BA14EB91CF5BB6C0081617C /* WFCityManageViewController.h */ = {isa = PBXFileReference; fileEncoding = 4; lastKnownFileType = sourcecode.c.h; path = WFCityManageViewController.h; sourceTree = "<group>"; };
		4BA14EBA1CF5BB6C0081617C /* WFCityManageViewController.m */ = {isa = PBXFileReference; fileEncoding = 4; lastKnownFileType = sourcecode.c.objc; path = WFCityManageViewController.m; sourceTree = "<group>"; };
		4BA14EBC1CF6037A0081617C /* WFSecondMainViewController.h */ = {isa = PBXFileReference; fileEncoding = 4; lastKnownFileType = sourcecode.c.h; path = WFSecondMainViewController.h; sourceTree = "<group>"; };
		4BA14EBD1CF6037A0081617C /* WFSecondMainViewController.m */ = {isa = PBXFileReference; fileEncoding = 4; lastKnownFileType = sourcecode.c.objc; path = WFSecondMainViewController.m; sourceTree = "<group>"; };
		4BA14EC01CF6B4ED0081617C /* WFScrollView.h */ = {isa = PBXFileReference; fileEncoding = 4; lastKnownFileType = sourcecode.c.h; path = WFScrollView.h; sourceTree = "<group>"; };
		4BA14EC11CF6B4ED0081617C /* WFScrollView.m */ = {isa = PBXFileReference; fileEncoding = 4; lastKnownFileType = sourcecode.c.objc; path = WFScrollView.m; sourceTree = "<group>"; };
		4BC6EB811CED2C8C00E74136 /* weatherForecast.app */ = {isa = PBXFileReference; explicitFileType = wrapper.application; includeInIndex = 0; path = weatherForecast.app; sourceTree = BUILT_PRODUCTS_DIR; };
		4BC6EB851CED2C8C00E74136 /* main.m */ = {isa = PBXFileReference; lastKnownFileType = sourcecode.c.objc; path = main.m; sourceTree = "<group>"; };
		4BC6EB871CED2C8C00E74136 /* AppDelegate.h */ = {isa = PBXFileReference; lastKnownFileType = sourcecode.c.h; path = AppDelegate.h; sourceTree = "<group>"; };
		4BC6EB881CED2C8C00E74136 /* AppDelegate.m */ = {isa = PBXFileReference; lastKnownFileType = sourcecode.c.objc; path = AppDelegate.m; sourceTree = "<group>"; };
		4BC6EB8E1CED2C8C00E74136 /* Base */ = {isa = PBXFileReference; lastKnownFileType = file.storyboard; name = Base; path = Base.lproj/Main.storyboard; sourceTree = "<group>"; };
		4BC6EB901CED2C8D00E74136 /* Assets.xcassets */ = {isa = PBXFileReference; lastKnownFileType = folder.assetcatalog; path = Assets.xcassets; sourceTree = "<group>"; };
		4BC6EB931CED2C8D00E74136 /* Base */ = {isa = PBXFileReference; lastKnownFileType = file.storyboard; name = Base; path = Base.lproj/LaunchScreen.storyboard; sourceTree = "<group>"; };
		4BC6EB951CED2C8D00E74136 /* Info.plist */ = {isa = PBXFileReference; lastKnownFileType = text.plist.xml; path = Info.plist; sourceTree = "<group>"; };
		4BC6EB9A1CED2C8D00E74136 /* weatherForecastTests.xctest */ = {isa = PBXFileReference; explicitFileType = wrapper.cfbundle; includeInIndex = 0; path = weatherForecastTests.xctest; sourceTree = BUILT_PRODUCTS_DIR; };
		4BC6EB9E1CED2C8D00E74136 /* weatherForecastTests.m */ = {isa = PBXFileReference; lastKnownFileType = sourcecode.c.objc; path = weatherForecastTests.m; sourceTree = "<group>"; };
		4BC6EBA01CED2C8D00E74136 /* Info.plist */ = {isa = PBXFileReference; lastKnownFileType = text.plist.xml; path = Info.plist; sourceTree = "<group>"; };
		4BC6EBA51CED2C8D00E74136 /* weatherForecastUITests.xctest */ = {isa = PBXFileReference; explicitFileType = wrapper.cfbundle; includeInIndex = 0; path = weatherForecastUITests.xctest; sourceTree = BUILT_PRODUCTS_DIR; };
		4BC6EBA91CED2C8D00E74136 /* weatherForecastUITests.m */ = {isa = PBXFileReference; lastKnownFileType = sourcecode.c.objc; path = weatherForecastUITests.m; sourceTree = "<group>"; };
		4BC6EBAB1CED2C8D00E74136 /* Info.plist */ = {isa = PBXFileReference; lastKnownFileType = text.plist.xml; path = Info.plist; sourceTree = "<group>"; };
		4BC6EBB81CED2CB200E74136 /* WFMainViewController.h */ = {isa = PBXFileReference; fileEncoding = 4; lastKnownFileType = sourcecode.c.h; path = WFMainViewController.h; sourceTree = "<group>"; };
		4BC6EBB91CED2CB200E74136 /* WFMainViewController.m */ = {isa = PBXFileReference; fileEncoding = 4; lastKnownFileType = sourcecode.c.objc; path = WFMainViewController.m; sourceTree = "<group>"; };
		4BC6EBBB1CED2DB200E74136 /* NFWeatherModel.h */ = {isa = PBXFileReference; fileEncoding = 4; lastKnownFileType = sourcecode.c.h; path = NFWeatherModel.h; sourceTree = "<group>"; };
		4BC6EBBC1CED2DB200E74136 /* NFWeatherModel.m */ = {isa = PBXFileReference; fileEncoding = 4; lastKnownFileType = sourcecode.c.objc; path = NFWeatherModel.m; sourceTree = "<group>"; };
		4BC6EBBE1CED790400E74136 /* WFDaysView.h */ = {isa = PBXFileReference; fileEncoding = 4; lastKnownFileType = sourcecode.c.h; path = WFDaysView.h; sourceTree = "<group>"; };
		4BC6EBBF1CED790400E74136 /* WFDaysView.m */ = {isa = PBXFileReference; fileEncoding = 4; lastKnownFileType = sourcecode.c.objc; path = WFDaysView.m; sourceTree = "<group>"; };
		4BC6EBC21CEDCD2A00E74136 /* moon.png */ = {isa = PBXFileReference; lastKnownFileType = image.png; path = moon.png; sourceTree = "<group>"; };
		4BC6EBC31CEDCD2A00E74136 /* sun.png */ = {isa = PBXFileReference; lastKnownFileType = image.png; path = sun.png; sourceTree = "<group>"; };
		4BC6EBC41CEDCD2A00E74136 /* 雾霾.png */ = {isa = PBXFileReference; lastKnownFileType = image.png; path = "雾霾.png"; sourceTree = "<group>"; };
		4BC6EBC51CEDCD2A00E74136 /* 刷新.png */ = {isa = PBXFileReference; lastKnownFileType = image.png; path = "刷新.png"; sourceTree = "<group>"; };
		4BC6EBC61CEDCD2A00E74136 /* 天气－小雨.png */ = {isa = PBXFileReference; lastKnownFileType = image.png; path = "天气－小雨.png"; sourceTree = "<group>"; };
		4BC6EBC71CEDCD2A00E74136 /* 天气－晴.png */ = {isa = PBXFileReference; lastKnownFileType = image.png; path = "天气－晴.png"; sourceTree = "<group>"; };
		4BC6EBC81CEDCD2A00E74136 /* 天气－未知.png */ = {isa = PBXFileReference; lastKnownFileType = image.png; path = "天气－未知.png"; sourceTree = "<group>"; };
		4BC6EBC91CEDCD2A00E74136 /* 天气－雷阵雨.png */ = {isa = PBXFileReference; lastKnownFileType = image.png; path = "天气－雷阵雨.png"; sourceTree = "<group>"; };
		4BC6EBCA1CEDCD2A00E74136 /* 天气－雾.png */ = {isa = PBXFileReference; lastKnownFileType = image.png; path = "天气－雾.png"; sourceTree = "<group>"; };
		4BC6EBCB1CEDCD2A00E74136 /* 天气－霾.png */ = {isa = PBXFileReference; lastKnownFileType = image.png; path = "天气－霾.png"; sourceTree = "<group>"; };
		4BC6EBCC1CEDCD2A00E74136 /* 天气－风.png */ = {isa = PBXFileReference; lastKnownFileType = image.png; path = "天气－风.png"; sourceTree = "<group>"; };
		4BC6EBCD1CEDCD2A00E74136 /* 温度计.png */ = {isa = PBXFileReference; lastKnownFileType = image.png; path = "温度计.png"; sourceTree = "<group>"; };
		4BC6EBCE1CEDCD2A00E74136 /* 湿度.png */ = {isa = PBXFileReference; lastKnownFileType = image.png; path = "湿度.png"; sourceTree = "<group>"; };
		4BC6EBCF1CEDCD2A00E74136 /* 风.png */ = {isa = PBXFileReference; lastKnownFileType = image.png; path = "风.png"; sourceTree = "<group>"; };
		4BC6EBDE1CEDCD6A00E74136 /* login_bg@3x.png */ = {isa = PBXFileReference; lastKnownFileType = image.png; path = "login_bg@3x.png"; sourceTree = "<group>"; };
		595C42931ADA176C4B2E5AEF /* libPods-weatherForecast.a */ = {isa = PBXFileReference; explicitFileType = archive.ar; includeInIndex = 0; path = "libPods-weatherForecast.a"; sourceTree = BUILT_PRODUCTS_DIR; };
		5D4D766032B0F985DAE30422 /* Pods-weatherForecast.release.xcconfig */ = {isa = PBXFileReference; includeInIndex = 1; lastKnownFileType = text.xcconfig; name = "Pods-weatherForecast.release.xcconfig"; path = "Pods/Target Support Files/Pods-weatherForecast/Pods-weatherForecast.release.xcconfig"; sourceTree = "<group>"; };
		9FBC1827A06C9144001F1A26 /* libPods-weatherForecastUITests.a */ = {isa = PBXFileReference; explicitFileType = archive.ar; includeInIndex = 0; path = "libPods-weatherForecastUITests.a"; sourceTree = BUILT_PRODUCTS_DIR; };
		A6F8F3308FFCAE31DA82A74B /* Pods-weatherForecastUITests.debug.xcconfig */ = {isa = PBXFileReference; includeInIndex = 1; lastKnownFileType = text.xcconfig; name = "Pods-weatherForecastUITests.debug.xcconfig"; path = "Pods/Target Support Files/Pods-weatherForecastUITests/Pods-weatherForecastUITests.debug.xcconfig"; sourceTree = "<group>"; };
		F65ADCF1DFAEDAAFFADED1C4 /* Pods-weatherForecastTests.release.xcconfig */ = {isa = PBXFileReference; includeInIndex = 1; lastKnownFileType = text.xcconfig; name = "Pods-weatherForecastTests.release.xcconfig"; path = "Pods/Target Support Files/Pods-weatherForecastTests/Pods-weatherForecastTests.release.xcconfig"; sourceTree = "<group>"; };
		F9C58909EECD88368C400760 /* libPods-weatherForecastTests.a */ = {isa = PBXFileReference; explicitFileType = archive.ar; includeInIndex = 0; path = "libPods-weatherForecastTests.a"; sourceTree = BUILT_PRODUCTS_DIR; };
		FAC7DFD60A7DD7466C5E50CC /* Pods-weatherForecast.debug.xcconfig */ = {isa = PBXFileReference; includeInIndex = 1; lastKnownFileType = text.xcconfig; name = "Pods-weatherForecast.debug.xcconfig"; path = "Pods/Target Support Files/Pods-weatherForecast/Pods-weatherForecast.debug.xcconfig"; sourceTree = "<group>"; };
		FBD6FEFECA41C702E0C7A9A0 /* Pods-weatherForecastUITests.release.xcconfig */ = {isa = PBXFileReference; includeInIndex = 1; lastKnownFileType = text.xcconfig; name = "Pods-weatherForecastUITests.release.xcconfig"; path = "Pods/Target Support Files/Pods-weatherForecastUITests/Pods-weatherForecastUITests.release.xcconfig"; sourceTree = "<group>"; };
/* End PBXFileReference section */

/* Begin PBXFrameworksBuildPhase section */
		4BC6EB7E1CED2C8C00E74136 /* Frameworks */ = {
			isa = PBXFrameworksBuildPhase;
			buildActionMask = 2147483647;
			files = (
				4FCAE6F4FE83E046DED8C1B5 /* libPods-weatherForecast.a in Frameworks */,
			);
			runOnlyForDeploymentPostprocessing = 0;
		};
		4BC6EB971CED2C8D00E74136 /* Frameworks */ = {
			isa = PBXFrameworksBuildPhase;
			buildActionMask = 2147483647;
			files = (
				AA49E176DBAB395A32556604 /* libPods-weatherForecastTests.a in Frameworks */,
			);
			runOnlyForDeploymentPostprocessing = 0;
		};
		4BC6EBA21CED2C8D00E74136 /* Frameworks */ = {
			isa = PBXFrameworksBuildPhase;
			buildActionMask = 2147483647;
			files = (
				7B50FD9626303FD6ACAF27FF /* libPods-weatherForecastUITests.a in Frameworks */,
			);
			runOnlyForDeploymentPostprocessing = 0;
		};
/* End PBXFrameworksBuildPhase section */

/* Begin PBXGroup section */
		4B682C911CF9371B00EF56F8 /* CitySearch */ = {
			isa = PBXGroup;
			children = (
				4B745E471CFB24D700A99202 /* WFSearchCity.h */,
				4B745E481CFB24D700A99202 /* WFSearchCity.m */,
				4B745E491CFB24D700A99202 /* WFSearchViewController.h */,
				4B745E4A1CFB24D700A99202 /* WFSearchViewController.m */,
				4B745E4B1CFB24D700A99202 /* WFSearchViewController.xib */,
				4B786BD21CFFF40C003216DB /* LoadingCell.xib */,
				4B786BD41CFFF586003216DB /* NothingFoundCell.xib */,
			);
			name = CitySearch;
			sourceTree = "<group>";
		};
		4B682C921CF9ECB000EF56F8 /* FirsttVer */ = {
			isa = PBXGroup;
			children = (
				4BC6EBB81CED2CB200E74136 /* WFMainViewController.h */,
				4BC6EBB91CED2CB200E74136 /* WFMainViewController.m */,
			);
			name = FirsttVer;
			sourceTree = "<group>";
		};
		4B682C931CF9ECFA00EF56F8 /* 城市管理界面 */ = {
			isa = PBXGroup;
			children = (
				4BA14EB91CF5BB6C0081617C /* WFCityManageViewController.h */,
				4BA14EBA1CF5BB6C0081617C /* WFCityManageViewController.m */,
			);
			name = "城市管理界面";
			sourceTree = "<group>";
		};
		4B6D2CFA1CFF41CB006B687E /* 下拉刷新 */ = {
			isa = PBXGroup;
			children = (
				4B6D2CFC1CFF41E8006B687E /* YALSunnyRefreshControl.h */,
				4B6D2CFD1CFF41E8006B687E /* YALSunnyRefreshControl.m */,
				4B6D2CFE1CFF41E8006B687E /* YALSunnyRefreshControl.xib */,
				4B6D2CFB1CFF41E8006B687E /* YALSunnyRefreshControll */,
			);
			name = "下拉刷新";
			sourceTree = "<group>";
		};
		4B6D2CFB1CFF41E8006B687E /* YALSunnyRefreshControll */ = {
			isa = PBXGroup;
			children = (
			);
			path = YALSunnyRefreshControll;
			sourceTree = "<group>";
		};
		4B745E461CFB243100A99202 /* 城市列表 */ = {
			isa = PBXGroup;
			children = (
				4B745E581CFB250A00A99202 /* WFSearchCityViewController.h */,
				4B745E591CFB250A00A99202 /* WFSearchCityViewController.m */,
				4B745E5A1CFB250A00A99202 /* ZWCollectionViewFlowLayout.h */,
				4B745E5B1CFB250A00A99202 /* ZWCollectionViewFlowLayout.m */,
				4B745E4F1CFB250A00A99202 /* CityViewCell.h */,
				4B745E501CFB250A00A99202 /* CityViewCell.m */,
				4B745E511CFB250A00A99202 /* CityViewCell.xib */,
				4B745E521CFB250A00A99202 /* HeadView.h */,
				4B745E531CFB250A00A99202 /* HeadView.m */,
				4B745E541CFB250A00A99202 /* HeadView.xib */,
				4B745E551CFB250A00A99202 /* ItemViewCell.h */,
				4B745E561CFB250A00A99202 /* ItemViewCell.m */,
				4B745E571CFB250A00A99202 /* ItemViewCell.xib */,
			);
			path = "城市列表";
			sourceTree = "<group>";
		};
		4B745E6D1CFB256F00A99202 /* 搜索结果 */ = {
			isa = PBXGroup;
			children = (
				4B745E641CFB256700A99202 /* NBSearchController.h */,
				4B745E651CFB256700A99202 /* NBSearchController.m */,
				4B745E661CFB256700A99202 /* NBSearchResultController.h */,
				4B745E671CFB256700A99202 /* NBSearchResultController.m */,
				4B745E681CFB256700A99202 /* SearchResult.h */,
				4B745E691CFB256700A99202 /* SearchResult.m */,
			);
			name = "搜索结果";
			sourceTree = "<group>";
		};
		4B745E6E1CFB25A600A99202 /* Lib */ = {
			isa = PBXGroup;
			children = (
				4B745E6F1CFB25A600A99202 /* Category */,
				4B745E721CFB25A600A99202 /* PinYin */,
			);
			path = Lib;
			sourceTree = "<group>";
		};
		4B745E6F1CFB25A600A99202 /* Category */ = {
			isa = PBXGroup;
			children = (
				4B745E701CFB25A600A99202 /* NSMutableArray+FilterElement.h */,
				4B745E711CFB25A600A99202 /* NSMutableArray+FilterElement.m */,
			);
			path = Category;
			sourceTree = "<group>";
		};
		4B745E721CFB25A600A99202 /* PinYin */ = {
			isa = PBXGroup;
			children = (
				4B745E731CFB25A600A99202 /* ChineseInclude.h */,
				4B745E741CFB25A600A99202 /* ChineseInclude.m */,
				4B745E751CFB25A600A99202 /* ChineseToPinyinResource.h */,
				4B745E761CFB25A600A99202 /* ChineseToPinyinResource.m */,
				4B745E771CFB25A600A99202 /* HanyuPinyinOutputFormat.h */,
				4B745E781CFB25A600A99202 /* HanyuPinyinOutputFormat.m */,
				4B745E791CFB25A600A99202 /* NSString+PinYin4Cocoa.h */,
				4B745E7A1CFB25A600A99202 /* NSString+PinYin4Cocoa.m */,
				4B745E7B1CFB25A600A99202 /* PinYin4Objc.h */,
				4B745E7C1CFB25A600A99202 /* PinyinFormatter.h */,
				4B745E7D1CFB25A600A99202 /* PinyinFormatter.m */,
				4B745E7E1CFB25A600A99202 /* PinYinForObjc.h */,
				4B745E7F1CFB25A600A99202 /* PinYinForObjc.m */,
				4B745E801CFB25A600A99202 /* PinyinHelper.h */,
				4B745E811CFB25A600A99202 /* PinyinHelper.m */,
				4B745E821CFB25A600A99202 /* unicode_to_hanyu_pinyin.txt */,
			);
			path = PinYin;
			sourceTree = "<group>";
		};
		4B75752D1CF201000060ECD8 /* image+extension */ = {
			isa = PBXGroup;
			children = (
				4B75752E1CF201000060ECD8 /* UIImage+RTTint.h */,
				4B75752F1CF201000060ECD8 /* UIImage+RTTint.m */,
			);
			path = "image+extension";
			sourceTree = "<group>";
		};
		4B8DDB371CF2CAB700913026 /* Model */ = {
			isa = PBXGroup;
			children = (
				4B8DDB3F1CF46A9900913026 /* NFCity.h */,
				4B8DDB401CF46A9900913026 /* NFCity.m */,
				4BC6EBBB1CED2DB200E74136 /* NFWeatherModel.h */,
				4BC6EBBC1CED2DB200E74136 /* NFWeatherModel.m */,
				4B8DDB381CF2CAEE00913026 /* NFCityWeatherModel.h */,
				4B8DDB391CF2CAEE00913026 /* NFCityWeatherModel.m */,
				4B8DDB3C1CF468E100913026 /* NFWeatherService.h */,
				4B8DDB3D1CF468E100913026 /* NFWeatherService.m */,
			);
			name = Model;
			sourceTree = "<group>";
		};
		4BA14E771CF566080081617C /* MJRefresh */ = {
			isa = PBXGroup;
			children = (
				4BA14E781CF566080081617C /* Base */,
				4BA14E831CF566080081617C /* Custom */,
				4BA14E9A1CF566080081617C /* MJRefresh.bundle */,
				4BA14E9B1CF566080081617C /* MJRefresh.h */,
				4BA14E9C1CF566080081617C /* MJRefreshConst.h */,
				4BA14E9D1CF566080081617C /* MJRefreshConst.m */,
				4BA14E9E1CF566080081617C /* UIScrollView+MJExtension.h */,
				4BA14E9F1CF566080081617C /* UIScrollView+MJExtension.m */,
				4BA14EA01CF566080081617C /* UIScrollView+MJRefresh.h */,
				4BA14EA11CF566080081617C /* UIScrollView+MJRefresh.m */,
				4BA14EA21CF566080081617C /* UIView+MJExtension.h */,
				4BA14EA31CF566080081617C /* UIView+MJExtension.m */,
			);
			path = MJRefresh;
			sourceTree = "<group>";
		};
		4BA14E781CF566080081617C /* Base */ = {
			isa = PBXGroup;
			children = (
				4BA14E791CF566080081617C /* MJRefreshAutoFooter.h */,
				4BA14E7A1CF566080081617C /* MJRefreshAutoFooter.m */,
				4BA14E7B1CF566080081617C /* MJRefreshBackFooter.h */,
				4BA14E7C1CF566080081617C /* MJRefreshBackFooter.m */,
				4BA14E7D1CF566080081617C /* MJRefreshComponent.h */,
				4BA14E7E1CF566080081617C /* MJRefreshComponent.m */,
				4BA14E7F1CF566080081617C /* MJRefreshFooter.h */,
				4BA14E801CF566080081617C /* MJRefreshFooter.m */,
				4BA14E811CF566080081617C /* MJRefreshHeader.h */,
				4BA14E821CF566080081617C /* MJRefreshHeader.m */,
			);
			path = Base;
			sourceTree = "<group>";
		};
		4BA14E831CF566080081617C /* Custom */ = {
			isa = PBXGroup;
			children = (
				4BA14E841CF566080081617C /* Footer */,
				4BA14E931CF566080081617C /* Header */,
			);
			path = Custom;
			sourceTree = "<group>";
		};
		4BA14E841CF566080081617C /* Footer */ = {
			isa = PBXGroup;
			children = (
				4BA14E851CF566080081617C /* Auto */,
				4BA14E8C1CF566080081617C /* Back */,
			);
			path = Footer;
			sourceTree = "<group>";
		};
		4BA14E851CF566080081617C /* Auto */ = {
			isa = PBXGroup;
			children = (
				4BA14E861CF566080081617C /* MJRefreshAutoGifFooter.h */,
				4BA14E871CF566080081617C /* MJRefreshAutoGifFooter.m */,
				4BA14E881CF566080081617C /* MJRefreshAutoNormalFooter.h */,
				4BA14E891CF566080081617C /* MJRefreshAutoNormalFooter.m */,
				4BA14E8A1CF566080081617C /* MJRefreshAutoStateFooter.h */,
				4BA14E8B1CF566080081617C /* MJRefreshAutoStateFooter.m */,
			);
			path = Auto;
			sourceTree = "<group>";
		};
		4BA14E8C1CF566080081617C /* Back */ = {
			isa = PBXGroup;
			children = (
				4BA14E8D1CF566080081617C /* MJRefreshBackGifFooter.h */,
				4BA14E8E1CF566080081617C /* MJRefreshBackGifFooter.m */,
				4BA14E8F1CF566080081617C /* MJRefreshBackNormalFooter.h */,
				4BA14E901CF566080081617C /* MJRefreshBackNormalFooter.m */,
				4BA14E911CF566080081617C /* MJRefreshBackStateFooter.h */,
				4BA14E921CF566080081617C /* MJRefreshBackStateFooter.m */,
			);
			path = Back;
			sourceTree = "<group>";
		};
		4BA14E931CF566080081617C /* Header */ = {
			isa = PBXGroup;
			children = (
				4BA14E941CF566080081617C /* MJRefreshGifHeader.h */,
				4BA14E951CF566080081617C /* MJRefreshGifHeader.m */,
				4BA14E961CF566080081617C /* MJRefreshNormalHeader.h */,
				4BA14E971CF566080081617C /* MJRefreshNormalHeader.m */,
				4BA14E981CF566080081617C /* MJRefreshStateHeader.h */,
				4BA14E991CF566080081617C /* MJRefreshStateHeader.m */,
			);
			path = Header;
			sourceTree = "<group>";
		};
		4BA14EBF1CF6B4BB0081617C /* SecondVer */ = {
			isa = PBXGroup;
			children = (
				4B8DDB421CF49BBE00913026 /* WFMianNavigationController.h */,
				4B8DDB431CF49BBE00913026 /* WFMianNavigationController.m */,
				4BA14EBC1CF6037A0081617C /* WFSecondMainViewController.h */,
				4BA14EBD1CF6037A0081617C /* WFSecondMainViewController.m */,
				4BA14EC01CF6B4ED0081617C /* WFScrollView.h */,
				4BA14EC11CF6B4ED0081617C /* WFScrollView.m */,
				4BC6EBBE1CED790400E74136 /* WFDaysView.h */,
				4BC6EBBF1CED790400E74136 /* WFDaysView.m */,
				4B75752A1CF12C930060ECD8 /* NSDate+WFDateExtension.h */,
				4B75752B1CF12C930060ECD8 /* NSDate+WFDateExtension.m */,
			);
			name = SecondVer;
			sourceTree = "<group>";
		};
		4BC6EB781CED2C8C00E74136 = {
			isa = PBXGroup;
			children = (
				4BC6EB831CED2C8C00E74136 /* weatherForecast */,
				4BC6EB9D1CED2C8D00E74136 /* weatherForecastTests */,
				4BC6EBA81CED2C8D00E74136 /* weatherForecastUITests */,
				4BC6EB821CED2C8C00E74136 /* Products */,
				4BA14E771CF566080081617C /* MJRefresh */,
				5A890C579718FAB80BA86DC4 /* Pods */,
				7C1C105309F29325B7400EEE /* Frameworks */,
			);
			sourceTree = "<group>";
		};
		4BC6EB821CED2C8C00E74136 /* Products */ = {
			isa = PBXGroup;
			children = (
				4BC6EB811CED2C8C00E74136 /* weatherForecast.app */,
				4BC6EB9A1CED2C8D00E74136 /* weatherForecastTests.xctest */,
				4BC6EBA51CED2C8D00E74136 /* weatherForecastUITests.xctest */,
			);
			name = Products;
			sourceTree = "<group>";
		};
		4BC6EB831CED2C8C00E74136 /* weatherForecast */ = {
			isa = PBXGroup;
			children = (
				4B6D2CFA1CFF41CB006B687E /* 下拉刷新 */,
				4B682C921CF9ECB000EF56F8 /* FirsttVer */,
				4BA14EBF1CF6B4BB0081617C /* SecondVer */,
				4B682C931CF9ECFA00EF56F8 /* 城市管理界面 */,
				4B745E6D1CFB256F00A99202 /* 搜索结果 */,
				4B745E461CFB243100A99202 /* 城市列表 */,
				4B682C911CF9371B00EF56F8 /* CitySearch */,
				4B75752D1CF201000060ECD8 /* image+extension */,
				4BC6EBB71CED2C9A00E74136 /* pic */,
				4B8DDB371CF2CAB700913026 /* Model */,
				4BC6EB871CED2C8C00E74136 /* AppDelegate.h */,
				4BC6EB881CED2C8C00E74136 /* AppDelegate.m */,
				4BC6EB8D1CED2C8C00E74136 /* Main.storyboard */,
				4BC6EB901CED2C8D00E74136 /* Assets.xcassets */,
				4BC6EB921CED2C8D00E74136 /* LaunchScreen.storyboard */,
				4BC6EB951CED2C8D00E74136 /* Info.plist */,
				4B745E8C1CFB25D500A99202 /* citydict.plist */,
				4B745E8D1CFB25D500A99202 /* Public.h */,
				4B745E6E1CFB25A600A99202 /* Lib */,
				4BC6EB841CED2C8C00E74136 /* Supporting Files */,
			);
			path = weatherForecast;
			sourceTree = "<group>";
		};
		4BC6EB841CED2C8C00E74136 /* Supporting Files */ = {
			isa = PBXGroup;
			children = (
				4BC6EB851CED2C8C00E74136 /* main.m */,
			);
			name = "Supporting Files";
			sourceTree = "<group>";
		};
		4BC6EB9D1CED2C8D00E74136 /* weatherForecastTests */ = {
			isa = PBXGroup;
			children = (
				4BC6EB9E1CED2C8D00E74136 /* weatherForecastTests.m */,
				4BC6EBA01CED2C8D00E74136 /* Info.plist */,
			);
			path = weatherForecastTests;
			sourceTree = "<group>";
		};
		4BC6EBA81CED2C8D00E74136 /* weatherForecastUITests */ = {
			isa = PBXGroup;
			children = (
				4BC6EBA91CED2C8D00E74136 /* weatherForecastUITests.m */,
				4BC6EBAB1CED2C8D00E74136 /* Info.plist */,
			);
			path = weatherForecastUITests;
			sourceTree = "<group>";
		};
		4BC6EBB71CED2C9A00E74136 /* pic */ = {
			isa = PBXGroup;
			children = (
				4BC6EBC11CEDCD2A00E74136 /* weather */,
			);
			name = pic;
			sourceTree = "<group>";
		};
		4BC6EBC11CEDCD2A00E74136 /* weather */ = {
			isa = PBXGroup;
			children = (
				4B13F2111CEDDE8A003473B1 /* background.jpg */,
				4BA14EB71CF56E2F0081617C /* Setting.png */,
				4BC6EBDE1CEDCD6A00E74136 /* login_bg@3x.png */,
				4BC6EBC21CEDCD2A00E74136 /* moon.png */,
				4BC6EBC31CEDCD2A00E74136 /* sun.png */,
				4BC6EBC41CEDCD2A00E74136 /* 雾霾.png */,
				4BC6EBC51CEDCD2A00E74136 /* 刷新.png */,
				4BC6EBC61CEDCD2A00E74136 /* 天气－小雨.png */,
				4BC6EBC71CEDCD2A00E74136 /* 天气－晴.png */,
				4BC6EBC81CEDCD2A00E74136 /* 天气－未知.png */,
				4BC6EBC91CEDCD2A00E74136 /* 天气－雷阵雨.png */,
				4BC6EBCA1CEDCD2A00E74136 /* 天气－雾.png */,
				4BC6EBCB1CEDCD2A00E74136 /* 天气－霾.png */,
				4BC6EBCC1CEDCD2A00E74136 /* 天气－风.png */,
				4BC6EBCD1CEDCD2A00E74136 /* 温度计.png */,
				4BC6EBCE1CEDCD2A00E74136 /* 湿度.png */,
				4BC6EBCF1CEDCD2A00E74136 /* 风.png */,
			);
			path = weather;
			sourceTree = "<group>";
		};
		5A890C579718FAB80BA86DC4 /* Pods */ = {
			isa = PBXGroup;
			children = (
				FAC7DFD60A7DD7466C5E50CC /* Pods-weatherForecast.debug.xcconfig */,
				5D4D766032B0F985DAE30422 /* Pods-weatherForecast.release.xcconfig */,
				22609B92077B3B16E385C400 /* Pods-weatherForecastTests.debug.xcconfig */,
				F65ADCF1DFAEDAAFFADED1C4 /* Pods-weatherForecastTests.release.xcconfig */,
				A6F8F3308FFCAE31DA82A74B /* Pods-weatherForecastUITests.debug.xcconfig */,
				FBD6FEFECA41C702E0C7A9A0 /* Pods-weatherForecastUITests.release.xcconfig */,
			);
			name = Pods;
			sourceTree = "<group>";
		};
		7C1C105309F29325B7400EEE /* Frameworks */ = {
			isa = PBXGroup;
			children = (
				595C42931ADA176C4B2E5AEF /* libPods-weatherForecast.a */,
				F9C58909EECD88368C400760 /* libPods-weatherForecastTests.a */,
				9FBC1827A06C9144001F1A26 /* libPods-weatherForecastUITests.a */,
			);
			name = Frameworks;
			sourceTree = "<group>";
		};
/* End PBXGroup section */

/* Begin PBXNativeTarget section */
		4BC6EB801CED2C8C00E74136 /* weatherForecast */ = {
			isa = PBXNativeTarget;
			buildConfigurationList = 4BC6EBAE1CED2C8D00E74136 /* Build configuration list for PBXNativeTarget "weatherForecast" */;
			buildPhases = (
				188B4EB708D9355E71DA45FB /* 📦 Check Pods Manifest.lock */,
				4BC6EB7D1CED2C8C00E74136 /* Sources */,
				4BC6EB7E1CED2C8C00E74136 /* Frameworks */,
				4BC6EB7F1CED2C8C00E74136 /* Resources */,
				55BAF61A007B24C0601E3AF6 /* 📦 Embed Pods Frameworks */,
				18BC059EEE20A1AF6C5FB4B3 /* 📦 Copy Pods Resources */,
			);
			buildRules = (
			);
			dependencies = (
			);
			name = weatherForecast;
			productName = weatherForecast;
			productReference = 4BC6EB811CED2C8C00E74136 /* weatherForecast.app */;
			productType = "com.apple.product-type.application";
		};
		4BC6EB991CED2C8D00E74136 /* weatherForecastTests */ = {
			isa = PBXNativeTarget;
			buildConfigurationList = 4BC6EBB11CED2C8D00E74136 /* Build configuration list for PBXNativeTarget "weatherForecastTests" */;
			buildPhases = (
				D08634268CCE487BBDE14CEE /* 📦 Check Pods Manifest.lock */,
				4BC6EB961CED2C8D00E74136 /* Sources */,
				4BC6EB971CED2C8D00E74136 /* Frameworks */,
				4BC6EB981CED2C8D00E74136 /* Resources */,
				56904962BD7230804033B561 /* 📦 Embed Pods Frameworks */,
				FD1CFB58F68A878E396B3F57 /* 📦 Copy Pods Resources */,
			);
			buildRules = (
			);
			dependencies = (
				4BC6EB9C1CED2C8D00E74136 /* PBXTargetDependency */,
			);
			name = weatherForecastTests;
			productName = weatherForecastTests;
			productReference = 4BC6EB9A1CED2C8D00E74136 /* weatherForecastTests.xctest */;
			productType = "com.apple.product-type.bundle.unit-test";
		};
		4BC6EBA41CED2C8D00E74136 /* weatherForecastUITests */ = {
			isa = PBXNativeTarget;
			buildConfigurationList = 4BC6EBB41CED2C8D00E74136 /* Build configuration list for PBXNativeTarget "weatherForecastUITests" */;
			buildPhases = (
				F075B0A2773AA51C0DF9C50E /* 📦 Check Pods Manifest.lock */,
				4BC6EBA11CED2C8D00E74136 /* Sources */,
				4BC6EBA21CED2C8D00E74136 /* Frameworks */,
				4BC6EBA31CED2C8D00E74136 /* Resources */,
				F1FC62F25C5C2DE59E920E96 /* 📦 Copy Pods Resources */,
			);
			buildRules = (
			);
			dependencies = (
				4BC6EBA71CED2C8D00E74136 /* PBXTargetDependency */,
			);
			name = weatherForecastUITests;
			productName = weatherForecastUITests;
			productReference = 4BC6EBA51CED2C8D00E74136 /* weatherForecastUITests.xctest */;
			productType = "com.apple.product-type.bundle.ui-testing";
		};
/* End PBXNativeTarget section */

/* Begin PBXProject section */
		4BC6EB791CED2C8C00E74136 /* Project object */ = {
			isa = PBXProject;
			attributes = {
				LastUpgradeCheck = 0720;
				ORGANIZATIONNAME = "刘帅";
				TargetAttributes = {
					4BC6EB801CED2C8C00E74136 = {
						CreatedOnToolsVersion = 7.2;
						DevelopmentTeam = NV328HCP2A;
					};
					4BC6EB991CED2C8D00E74136 = {
						CreatedOnToolsVersion = 7.2;
						DevelopmentTeam = NV328HCP2A;
						TestTargetID = 4BC6EB801CED2C8C00E74136;
					};
					4BC6EBA41CED2C8D00E74136 = {
						CreatedOnToolsVersion = 7.2;
						DevelopmentTeam = NV328HCP2A;
						TestTargetID = 4BC6EB801CED2C8C00E74136;
					};
				};
			};
			buildConfigurationList = 4BC6EB7C1CED2C8C00E74136 /* Build configuration list for PBXProject "weatherForecast" */;
			compatibilityVersion = "Xcode 3.2";
			developmentRegion = English;
			hasScannedForEncodings = 0;
			knownRegions = (
				en,
				Base,
			);
			mainGroup = 4BC6EB781CED2C8C00E74136;
			productRefGroup = 4BC6EB821CED2C8C00E74136 /* Products */;
			projectDirPath = "";
			projectRoot = "";
			targets = (
				4BC6EB801CED2C8C00E74136 /* weatherForecast */,
				4BC6EB991CED2C8D00E74136 /* weatherForecastTests */,
				4BC6EBA41CED2C8D00E74136 /* weatherForecastUITests */,
			);
		};
/* End PBXProject section */

/* Begin PBXResourcesBuildPhase section */
		4BC6EB7F1CED2C8C00E74136 /* Resources */ = {
			isa = PBXResourcesBuildPhase;
			buildActionMask = 2147483647;
			files = (
				4B745E8B1CFB25A600A99202 /* unicode_to_hanyu_pinyin.txt in Resources */,
				4BC6EBDB1CEDCD2A00E74136 /* 温度计.png in Resources */,
				4B13F2121CEDDE8A003473B1 /* background.jpg in Resources */,
				4B745E611CFB250A00A99202 /* ItemViewCell.xib in Resources */,
				4BC6EBD31CEDCD2A00E74136 /* 刷新.png in Resources */,
				4BC6EBDF1CEDCD6A00E74136 /* login_bg@3x.png in Resources */,
				4BC6EBD01CEDCD2A00E74136 /* moon.png in Resources */,
				4BC6EBD91CEDCD2A00E74136 /* 天气－霾.png in Resources */,
				4B786BD51CFFF586003216DB /* NothingFoundCell.xib in Resources */,
				4BC6EB941CED2C8D00E74136 /* LaunchScreen.storyboard in Resources */,
				4BC6EBD21CEDCD2A00E74136 /* 雾霾.png in Resources */,
				4B745E8E1CFB25D500A99202 /* citydict.plist in Resources */,
				4BC6EBDD1CEDCD2A00E74136 /* 风.png in Resources */,
				4B745E4E1CFB24D700A99202 /* WFSearchViewController.xib in Resources */,
				4B745E5F1CFB250A00A99202 /* HeadView.xib in Resources */,
				4B745E5D1CFB250A00A99202 /* CityViewCell.xib in Resources */,
				4BC6EBDA1CEDCD2A00E74136 /* 天气－风.png in Resources */,
				4BC6EBD51CEDCD2A00E74136 /* 天气－晴.png in Resources */,
				4BC6EBD11CEDCD2A00E74136 /* sun.png in Resources */,
				4BC6EBD41CEDCD2A00E74136 /* 天气－小雨.png in Resources */,
				4BC6EBD81CEDCD2A00E74136 /* 天气－雾.png in Resources */,
				4BC6EBD71CEDCD2A00E74136 /* 天气－雷阵雨.png in Resources */,
				4BC6EB911CED2C8D00E74136 /* Assets.xcassets in Resources */,
				4B6D2D001CFF41E8006B687E /* YALSunnyRefreshControl.xib in Resources */,
				4BC6EB8F1CED2C8C00E74136 /* Main.storyboard in Resources */,
				4B786BD31CFFF40C003216DB /* LoadingCell.xib in Resources */,
				4BC6EBDC1CEDCD2A00E74136 /* 湿度.png in Resources */,
				4BA14EB21CF566080081617C /* MJRefresh.bundle in Resources */,
				4BA14EB81CF56E2F0081617C /* Setting.png in Resources */,
				4BC6EBD61CEDCD2A00E74136 /* 天气－未知.png in Resources */,
			);
			runOnlyForDeploymentPostprocessing = 0;
		};
		4BC6EB981CED2C8D00E74136 /* Resources */ = {
			isa = PBXResourcesBuildPhase;
			buildActionMask = 2147483647;
			files = (
			);
			runOnlyForDeploymentPostprocessing = 0;
		};
		4BC6EBA31CED2C8D00E74136 /* Resources */ = {
			isa = PBXResourcesBuildPhase;
			buildActionMask = 2147483647;
			files = (
			);
			runOnlyForDeploymentPostprocessing = 0;
		};
/* End PBXResourcesBuildPhase section */

/* Begin PBXShellScriptBuildPhase section */
		188B4EB708D9355E71DA45FB /* 📦 Check Pods Manifest.lock */ = {
			isa = PBXShellScriptBuildPhase;
			buildActionMask = 2147483647;
			files = (
			);
			inputPaths = (
			);
			name = "📦 Check Pods Manifest.lock";
			outputPaths = (
			);
			runOnlyForDeploymentPostprocessing = 0;
			shellPath = /bin/sh;
			shellScript = "diff \"${PODS_ROOT}/../Podfile.lock\" \"${PODS_ROOT}/Manifest.lock\" > /dev/null\nif [[ $? != 0 ]] ; then\n    cat << EOM\nerror: The sandbox is not in sync with the Podfile.lock. Run 'pod install' or update your CocoaPods installation.\nEOM\n    exit 1\nfi\n";
			showEnvVarsInLog = 0;
		};
		18BC059EEE20A1AF6C5FB4B3 /* 📦 Copy Pods Resources */ = {
			isa = PBXShellScriptBuildPhase;
			buildActionMask = 2147483647;
			files = (
			);
			inputPaths = (
			);
			name = "📦 Copy Pods Resources";
			outputPaths = (
			);
			runOnlyForDeploymentPostprocessing = 0;
			shellPath = /bin/sh;
			shellScript = "\"${SRCROOT}/Pods/Target Support Files/Pods-weatherForecast/Pods-weatherForecast-resources.sh\"\n";
			showEnvVarsInLog = 0;
		};
		55BAF61A007B24C0601E3AF6 /* 📦 Embed Pods Frameworks */ = {
			isa = PBXShellScriptBuildPhase;
			buildActionMask = 2147483647;
			files = (
			);
			inputPaths = (
			);
			name = "📦 Embed Pods Frameworks";
			outputPaths = (
			);
			runOnlyForDeploymentPostprocessing = 0;
			shellPath = /bin/sh;
			shellScript = "\"${SRCROOT}/Pods/Target Support Files/Pods-weatherForecast/Pods-weatherForecast-frameworks.sh\"\n";
			showEnvVarsInLog = 0;
		};
		56904962BD7230804033B561 /* 📦 Embed Pods Frameworks */ = {
			isa = PBXShellScriptBuildPhase;
			buildActionMask = 2147483647;
			files = (
			);
			inputPaths = (
			);
			name = "📦 Embed Pods Frameworks";
			outputPaths = (
			);
			runOnlyForDeploymentPostprocessing = 0;
			shellPath = /bin/sh;
			shellScript = "\"${SRCROOT}/Pods/Target Support Files/Pods-weatherForecastTests/Pods-weatherForecastTests-frameworks.sh\"\n";
			showEnvVarsInLog = 0;
		};
		D08634268CCE487BBDE14CEE /* 📦 Check Pods Manifest.lock */ = {
			isa = PBXShellScriptBuildPhase;
			buildActionMask = 2147483647;
			files = (
			);
			inputPaths = (
			);
			name = "📦 Check Pods Manifest.lock";
			outputPaths = (
			);
			runOnlyForDeploymentPostprocessing = 0;
			shellPath = /bin/sh;
			shellScript = "diff \"${PODS_ROOT}/../Podfile.lock\" \"${PODS_ROOT}/Manifest.lock\" > /dev/null\nif [[ $? != 0 ]] ; then\n    cat << EOM\nerror: The sandbox is not in sync with the Podfile.lock. Run 'pod install' or update your CocoaPods installation.\nEOM\n    exit 1\nfi\n";
			showEnvVarsInLog = 0;
		};
		F075B0A2773AA51C0DF9C50E /* 📦 Check Pods Manifest.lock */ = {
			isa = PBXShellScriptBuildPhase;
			buildActionMask = 2147483647;
			files = (
			);
			inputPaths = (
			);
			name = "📦 Check Pods Manifest.lock";
			outputPaths = (
			);
			runOnlyForDeploymentPostprocessing = 0;
			shellPath = /bin/sh;
			shellScript = "diff \"${PODS_ROOT}/../Podfile.lock\" \"${PODS_ROOT}/Manifest.lock\" > /dev/null\nif [[ $? != 0 ]] ; then\n    cat << EOM\nerror: The sandbox is not in sync with the Podfile.lock. Run 'pod install' or update your CocoaPods installation.\nEOM\n    exit 1\nfi\n";
			showEnvVarsInLog = 0;
		};
		F1FC62F25C5C2DE59E920E96 /* 📦 Copy Pods Resources */ = {
			isa = PBXShellScriptBuildPhase;
			buildActionMask = 2147483647;
			files = (
			);
			inputPaths = (
			);
			name = "📦 Copy Pods Resources";
			outputPaths = (
			);
			runOnlyForDeploymentPostprocessing = 0;
			shellPath = /bin/sh;
			shellScript = "\"${SRCROOT}/Pods/Target Support Files/Pods-weatherForecastUITests/Pods-weatherForecastUITests-resources.sh\"\n";
			showEnvVarsInLog = 0;
		};
		FD1CFB58F68A878E396B3F57 /* 📦 Copy Pods Resources */ = {
			isa = PBXShellScriptBuildPhase;
			buildActionMask = 2147483647;
			files = (
			);
			inputPaths = (
			);
			name = "📦 Copy Pods Resources";
			outputPaths = (
			);
			runOnlyForDeploymentPostprocessing = 0;
			shellPath = /bin/sh;
			shellScript = "\"${SRCROOT}/Pods/Target Support Files/Pods-weatherForecastTests/Pods-weatherForecastTests-resources.sh\"\n";
			showEnvVarsInLog = 0;
		};
/* End PBXShellScriptBuildPhase section */

/* Begin PBXSourcesBuildPhase section */
		4BC6EB7D1CED2C8C00E74136 /* Sources */ = {
			isa = PBXSourcesBuildPhase;
			buildActionMask = 2147483647;
			files = (
				4B745E6C1CFB256700A99202 /* SearchResult.m in Sources */,
				4BA14EA51CF566080081617C /* MJRefreshBackFooter.m in Sources */,
				4B745E6A1CFB256700A99202 /* NBSearchController.m in Sources */,
				4B745E6B1CFB256700A99202 /* NBSearchResultController.m in Sources */,
				4BA14EA71CF566080081617C /* MJRefreshFooter.m in Sources */,
				4B75752C1CF12C930060ECD8 /* NSDate+WFDateExtension.m in Sources */,
				4BA14EB31CF566080081617C /* MJRefreshConst.m in Sources */,
				4B745E881CFB25A600A99202 /* PinyinFormatter.m in Sources */,
				4B8DDB3E1CF468E100913026 /* NFWeatherService.m in Sources */,
				4B745E621CFB250A00A99202 /* WFSearchCityViewController.m in Sources */,
				4BA14EAF1CF566080081617C /* MJRefreshGifHeader.m in Sources */,
				4BC6EB891CED2C8C00E74136 /* AppDelegate.m in Sources */,
				4BA14EB41CF566080081617C /* UIScrollView+MJExtension.m in Sources */,
				4BA14EC21CF6B4ED0081617C /* WFScrollView.m in Sources */,
				4BA14EAC1CF566080081617C /* MJRefreshBackGifFooter.m in Sources */,
				4B745E841CFB25A600A99202 /* ChineseInclude.m in Sources */,
				4B745E5E1CFB250A00A99202 /* HeadView.m in Sources */,
				4B745E631CFB250A00A99202 /* ZWCollectionViewFlowLayout.m in Sources */,
				4B745E4C1CFB24D700A99202 /* WFSearchCity.m in Sources */,
				4BA14EA91CF566080081617C /* MJRefreshAutoGifFooter.m in Sources */,
				4B745E4D1CFB24D700A99202 /* WFSearchViewController.m in Sources */,
				4B745E851CFB25A600A99202 /* ChineseToPinyinResource.m in Sources */,
				4BA14EB01CF566080081617C /* MJRefreshNormalHeader.m in Sources */,
				4BA14EA61CF566080081617C /* MJRefreshComponent.m in Sources */,
				4B745E871CFB25A600A99202 /* NSString+PinYin4Cocoa.m in Sources */,
				4BC6EBC01CED790400E74136 /* WFDaysView.m in Sources */,
				4BA14EB61CF566080081617C /* UIView+MJExtension.m in Sources */,
				4BA14EBB1CF5BB6C0081617C /* WFCityManageViewController.m in Sources */,
				4B8DDB411CF46A9900913026 /* NFCity.m in Sources */,
				4B7575301CF201000060ECD8 /* UIImage+RTTint.m in Sources */,
				4B745E8A1CFB25A600A99202 /* PinyinHelper.m in Sources */,
				4B745E5C1CFB250A00A99202 /* CityViewCell.m in Sources */,
				4BA14EA41CF566080081617C /* MJRefreshAutoFooter.m in Sources */,
				4BA14EBE1CF6037A0081617C /* WFSecondMainViewController.m in Sources */,
				4BA14EAD1CF566080081617C /* MJRefreshBackNormalFooter.m in Sources */,
				4BA14EAB1CF566080081617C /* MJRefreshAutoStateFooter.m in Sources */,
				4B745E601CFB250A00A99202 /* ItemViewCell.m in Sources */,
				4B745E891CFB25A600A99202 /* PinYinForObjc.m in Sources */,
				4B6D2CFF1CFF41E8006B687E /* YALSunnyRefreshControl.m in Sources */,
				4BA14EB11CF566080081617C /* MJRefreshStateHeader.m in Sources */,
				4BC6EBBA1CED2CB200E74136 /* WFMainViewController.m in Sources */,
				4BA14EAA1CF566080081617C /* MJRefreshAutoNormalFooter.m in Sources */,
				4BC6EB861CED2C8C00E74136 /* main.m in Sources */,
				4B745E861CFB25A600A99202 /* HanyuPinyinOutputFormat.m in Sources */,
				4BA14EA81CF566080081617C /* MJRefreshHeader.m in Sources */,
				4B8DDB441CF49BBE00913026 /* WFMianNavigationController.m in Sources */,
				4BA14EAE1CF566080081617C /* MJRefreshBackStateFooter.m in Sources */,
				4BA14EB51CF566080081617C /* UIScrollView+MJRefresh.m in Sources */,
				4BC6EBBD1CED2DB200E74136 /* NFWeatherModel.m in Sources */,
				4B8DDB3A1CF2CAEE00913026 /* NFCityWeatherModel.m in Sources */,
				4B745E831CFB25A600A99202 /* NSMutableArray+FilterElement.m in Sources */,
			);
			runOnlyForDeploymentPostprocessing = 0;
		};
		4BC6EB961CED2C8D00E74136 /* Sources */ = {
			isa = PBXSourcesBuildPhase;
			buildActionMask = 2147483647;
			files = (
				4BC6EB9F1CED2C8D00E74136 /* weatherForecastTests.m in Sources */,
			);
			runOnlyForDeploymentPostprocessing = 0;
		};
		4BC6EBA11CED2C8D00E74136 /* Sources */ = {
			isa = PBXSourcesBuildPhase;
			buildActionMask = 2147483647;
			files = (
				4BC6EBAA1CED2C8D00E74136 /* weatherForecastUITests.m in Sources */,
			);
			runOnlyForDeploymentPostprocessing = 0;
		};
/* End PBXSourcesBuildPhase section */

/* Begin PBXTargetDependency section */
		4BC6EB9C1CED2C8D00E74136 /* PBXTargetDependency */ = {
			isa = PBXTargetDependency;
			target = 4BC6EB801CED2C8C00E74136 /* weatherForecast */;
			targetProxy = 4BC6EB9B1CED2C8D00E74136 /* PBXContainerItemProxy */;
		};
		4BC6EBA71CED2C8D00E74136 /* PBXTargetDependency */ = {
			isa = PBXTargetDependency;
			target = 4BC6EB801CED2C8C00E74136 /* weatherForecast */;
			targetProxy = 4BC6EBA61CED2C8D00E74136 /* PBXContainerItemProxy */;
		};
/* End PBXTargetDependency section */

/* Begin PBXVariantGroup section */
		4BC6EB8D1CED2C8C00E74136 /* Main.storyboard */ = {
			isa = PBXVariantGroup;
			children = (
				4BC6EB8E1CED2C8C00E74136 /* Base */,
			);
			name = Main.storyboard;
			sourceTree = "<group>";
		};
		4BC6EB921CED2C8D00E74136 /* LaunchScreen.storyboard */ = {
			isa = PBXVariantGroup;
			children = (
				4BC6EB931CED2C8D00E74136 /* Base */,
			);
			name = LaunchScreen.storyboard;
			sourceTree = "<group>";
		};
/* End PBXVariantGroup section */

/* Begin XCBuildConfiguration section */
		4BC6EBAC1CED2C8D00E74136 /* Debug */ = {
			isa = XCBuildConfiguration;
			buildSettings = {
				ALWAYS_SEARCH_USER_PATHS = NO;
				CLANG_CXX_LANGUAGE_STANDARD = "gnu++0x";
				CLANG_CXX_LIBRARY = "libc++";
				CLANG_ENABLE_MODULES = YES;
				CLANG_ENABLE_OBJC_ARC = YES;
				CLANG_WARN_BOOL_CONVERSION = YES;
				CLANG_WARN_CONSTANT_CONVERSION = YES;
				CLANG_WARN_DIRECT_OBJC_ISA_USAGE = YES_ERROR;
				CLANG_WARN_EMPTY_BODY = YES;
				CLANG_WARN_ENUM_CONVERSION = YES;
				CLANG_WARN_INT_CONVERSION = YES;
				CLANG_WARN_OBJC_ROOT_CLASS = YES_ERROR;
				CLANG_WARN_UNREACHABLE_CODE = YES;
				CLANG_WARN__DUPLICATE_METHOD_MATCH = YES;
				"CODE_SIGN_IDENTITY[sdk=iphoneos*]" = "iPhone Developer";
				COPY_PHASE_STRIP = NO;
				DEBUG_INFORMATION_FORMAT = dwarf;
				ENABLE_STRICT_OBJC_MSGSEND = YES;
				ENABLE_TESTABILITY = YES;
				GCC_C_LANGUAGE_STANDARD = gnu99;
				GCC_DYNAMIC_NO_PIC = NO;
				GCC_NO_COMMON_BLOCKS = YES;
				GCC_OPTIMIZATION_LEVEL = 0;
				GCC_PREPROCESSOR_DEFINITIONS = (
					"DEBUG=1",
					"$(inherited)",
				);
				GCC_WARN_64_TO_32_BIT_CONVERSION = YES;
				GCC_WARN_ABOUT_RETURN_TYPE = YES_ERROR;
				GCC_WARN_UNDECLARED_SELECTOR = YES;
				GCC_WARN_UNINITIALIZED_AUTOS = YES_AGGRESSIVE;
				GCC_WARN_UNUSED_FUNCTION = YES;
				GCC_WARN_UNUSED_VARIABLE = YES;
				IPHONEOS_DEPLOYMENT_TARGET = 9.2;
				MTL_ENABLE_DEBUG_INFO = YES;
				ONLY_ACTIVE_ARCH = YES;
				SDKROOT = iphoneos;
			};
			name = Debug;
		};
		4BC6EBAD1CED2C8D00E74136 /* Release */ = {
			isa = XCBuildConfiguration;
			buildSettings = {
				ALWAYS_SEARCH_USER_PATHS = NO;
				CLANG_CXX_LANGUAGE_STANDARD = "gnu++0x";
				CLANG_CXX_LIBRARY = "libc++";
				CLANG_ENABLE_MODULES = YES;
				CLANG_ENABLE_OBJC_ARC = YES;
				CLANG_WARN_BOOL_CONVERSION = YES;
				CLANG_WARN_CONSTANT_CONVERSION = YES;
				CLANG_WARN_DIRECT_OBJC_ISA_USAGE = YES_ERROR;
				CLANG_WARN_EMPTY_BODY = YES;
				CLANG_WARN_ENUM_CONVERSION = YES;
				CLANG_WARN_INT_CONVERSION = YES;
				CLANG_WARN_OBJC_ROOT_CLASS = YES_ERROR;
				CLANG_WARN_UNREACHABLE_CODE = YES;
				CLANG_WARN__DUPLICATE_METHOD_MATCH = YES;
				"CODE_SIGN_IDENTITY[sdk=iphoneos*]" = "iPhone Developer";
				COPY_PHASE_STRIP = NO;
				DEBUG_INFORMATION_FORMAT = "dwarf-with-dsym";
				ENABLE_NS_ASSERTIONS = NO;
				ENABLE_STRICT_OBJC_MSGSEND = YES;
				GCC_C_LANGUAGE_STANDARD = gnu99;
				GCC_NO_COMMON_BLOCKS = YES;
				GCC_WARN_64_TO_32_BIT_CONVERSION = YES;
				GCC_WARN_ABOUT_RETURN_TYPE = YES_ERROR;
				GCC_WARN_UNDECLARED_SELECTOR = YES;
				GCC_WARN_UNINITIALIZED_AUTOS = YES_AGGRESSIVE;
				GCC_WARN_UNUSED_FUNCTION = YES;
				GCC_WARN_UNUSED_VARIABLE = YES;
				IPHONEOS_DEPLOYMENT_TARGET = 9.2;
				MTL_ENABLE_DEBUG_INFO = NO;
				SDKROOT = iphoneos;
				VALIDATE_PRODUCT = YES;
			};
			name = Release;
		};
		4BC6EBAF1CED2C8D00E74136 /* Debug */ = {
			isa = XCBuildConfiguration;
			baseConfigurationReference = FAC7DFD60A7DD7466C5E50CC /* Pods-weatherForecast.debug.xcconfig */;
			buildSettings = {
				ASSETCATALOG_COMPILER_APPICON_NAME = AppIcon;
				INFOPLIST_FILE = weatherForecast/Info.plist;
				LD_RUNPATH_SEARCH_PATHS = "$(inherited) @executable_path/Frameworks";
				PRODUCT_BUNDLE_IDENTIFIER = com.twodog.weatherForecast;
				PRODUCT_NAME = "$(TARGET_NAME)";
			};
			name = Debug;
		};
		4BC6EBB01CED2C8D00E74136 /* Release */ = {
			isa = XCBuildConfiguration;
			baseConfigurationReference = 5D4D766032B0F985DAE30422 /* Pods-weatherForecast.release.xcconfig */;
			buildSettings = {
				ASSETCATALOG_COMPILER_APPICON_NAME = AppIcon;
				INFOPLIST_FILE = weatherForecast/Info.plist;
				LD_RUNPATH_SEARCH_PATHS = "$(inherited) @executable_path/Frameworks";
				PRODUCT_BUNDLE_IDENTIFIER = com.twodog.weatherForecast;
				PRODUCT_NAME = "$(TARGET_NAME)";
			};
			name = Release;
		};
		4BC6EBB21CED2C8D00E74136 /* Debug */ = {
			isa = XCBuildConfiguration;
			baseConfigurationReference = 22609B92077B3B16E385C400 /* Pods-weatherForecastTests.debug.xcconfig */;
			buildSettings = {
				BUNDLE_LOADER = "$(TEST_HOST)";
				INFOPLIST_FILE = weatherForecastTests/Info.plist;
				LD_RUNPATH_SEARCH_PATHS = "$(inherited) @executable_path/Frameworks @loader_path/Frameworks";
				PRODUCT_BUNDLE_IDENTIFIER = com.twodog.weatherForecastTests;
				PRODUCT_NAME = "$(TARGET_NAME)";
				TEST_HOST = "$(BUILT_PRODUCTS_DIR)/weatherForecast.app/weatherForecast";
			};
			name = Debug;
		};
		4BC6EBB31CED2C8D00E74136 /* Release */ = {
			isa = XCBuildConfiguration;
			baseConfigurationReference = F65ADCF1DFAEDAAFFADED1C4 /* Pods-weatherForecastTests.release.xcconfig */;
			buildSettings = {
				BUNDLE_LOADER = "$(TEST_HOST)";
				INFOPLIST_FILE = weatherForecastTests/Info.plist;
				LD_RUNPATH_SEARCH_PATHS = "$(inherited) @executable_path/Frameworks @loader_path/Frameworks";
				PRODUCT_BUNDLE_IDENTIFIER = com.twodog.weatherForecastTests;
				PRODUCT_NAME = "$(TARGET_NAME)";
				TEST_HOST = "$(BUILT_PRODUCTS_DIR)/weatherForecast.app/weatherForecast";
			};
			name = Release;
		};
		4BC6EBB51CED2C8D00E74136 /* Debug */ = {
			isa = XCBuildConfiguration;
			baseConfigurationReference = A6F8F3308FFCAE31DA82A74B /* Pods-weatherForecastUITests.debug.xcconfig */;
			buildSettings = {
				INFOPLIST_FILE = weatherForecastUITests/Info.plist;
				LD_RUNPATH_SEARCH_PATHS = "$(inherited) @executable_path/Frameworks @loader_path/Frameworks";
				PRODUCT_BUNDLE_IDENTIFIER = com.twodog.weatherForecastUITests;
				PRODUCT_NAME = "$(TARGET_NAME)";
				TEST_TARGET_NAME = weatherForecast;
				USES_XCTRUNNER = YES;
			};
			name = Debug;
		};
		4BC6EBB61CED2C8D00E74136 /* Release */ = {
			isa = XCBuildConfiguration;
			baseConfigurationReference = FBD6FEFECA41C702E0C7A9A0 /* Pods-weatherForecastUITests.release.xcconfig */;
			buildSettings = {
				INFOPLIST_FILE = weatherForecastUITests/Info.plist;
				LD_RUNPATH_SEARCH_PATHS = "$(inherited) @executable_path/Frameworks @loader_path/Frameworks";
				PRODUCT_BUNDLE_IDENTIFIER = com.twodog.weatherForecastUITests;
				PRODUCT_NAME = "$(TARGET_NAME)";
				TEST_TARGET_NAME = weatherForecast;
				USES_XCTRUNNER = YES;
			};
			name = Release;
		};
/* End XCBuildConfiguration section */

/* Begin XCConfigurationList section */
		4BC6EB7C1CED2C8C00E74136 /* Build configuration list for PBXProject "weatherForecast" */ = {
			isa = XCConfigurationList;
			buildConfigurations = (
				4BC6EBAC1CED2C8D00E74136 /* Debug */,
				4BC6EBAD1CED2C8D00E74136 /* Release */,
			);
			defaultConfigurationIsVisible = 0;
			defaultConfigurationName = Release;
		};
		4BC6EBAE1CED2C8D00E74136 /* Build configuration list for PBXNativeTarget "weatherForecast" */ = {
			isa = XCConfigurationList;
			buildConfigurations = (
				4BC6EBAF1CED2C8D00E74136 /* Debug */,
				4BC6EBB01CED2C8D00E74136 /* Release */,
			);
			defaultConfigurationIsVisible = 0;
			defaultConfigurationName = Release;
		};
		4BC6EBB11CED2C8D00E74136 /* Build configuration list for PBXNativeTarget "weatherForecastTests" */ = {
			isa = XCConfigurationList;
			buildConfigurations = (
				4BC6EBB21CED2C8D00E74136 /* Debug */,
				4BC6EBB31CED2C8D00E74136 /* Release */,
			);
			defaultConfigurationIsVisible = 0;
			defaultConfigurationName = Release;
		};
		4BC6EBB41CED2C8D00E74136 /* Build configuration list for PBXNativeTarget "weatherForecastUITests" */ = {
			isa = XCConfigurationList;
			buildConfigurations = (
				4BC6EBB51CED2C8D00E74136 /* Debug */,
				4BC6EBB61CED2C8D00E74136 /* Release */,
			);
			defaultConfigurationIsVisible = 0;
			defaultConfigurationName = Release;
		};
/* End XCConfigurationList section */
	};
	rootObject = 4BC6EB791CED2C8C00E74136 /* Project object */;
}
